// !$*UTF8*$!
{
	archiveVersion = 1;
	classes = {
	};
	objectVersion = 46;
	objects = {

/* Begin PBXBuildFile section */
		87A3085D191827D4F6CCB5E1 /* Pods_CinekoTests.framework in Frameworks */ = {isa = PBXBuildFile; fileRef = 37ECB34B30BFE9A199455045 /* Pods_CinekoTests.framework */; };
		8C1378741CAE16B600FB6830 /* AppDelegate.swift in Sources */ = {isa = PBXBuildFile; fileRef = 8C1378731CAE16B600FB6830 /* AppDelegate.swift */; };
		8C1378791CAE16B700FB6830 /* Main.storyboard in Resources */ = {isa = PBXBuildFile; fileRef = 8C1378771CAE16B700FB6830 /* Main.storyboard */; };
		8C13787B1CAE16B700FB6830 /* Assets.xcassets in Resources */ = {isa = PBXBuildFile; fileRef = 8C13787A1CAE16B700FB6830 /* Assets.xcassets */; };
		8C13787E1CAE16B700FB6830 /* LaunchScreen.storyboard in Resources */ = {isa = PBXBuildFile; fileRef = 8C13787C1CAE16B700FB6830 /* LaunchScreen.storyboard */; };
		8C1378891CAE16B800FB6830 /* CinekoTests.swift in Sources */ = {isa = PBXBuildFile; fileRef = 8C1378881CAE16B800FB6830 /* CinekoTests.swift */; };
		8C1378941CAE16B800FB6830 /* CinekoUITests.swift in Sources */ = {isa = PBXBuildFile; fileRef = 8C1378931CAE16B800FB6830 /* CinekoUITests.swift */; };
		8C1378A91CAE7BF300FB6830 /* Cineko.xcdatamodeld in Sources */ = {isa = PBXBuildFile; fileRef = 8C1378A71CAE7BF300FB6830 /* Cineko.xcdatamodeld */; };
		8C1378AA1CAE7BF300FB6830 /* Cineko.xcdatamodeld in Sources */ = {isa = PBXBuildFile; fileRef = 8C1378A71CAE7BF300FB6830 /* Cineko.xcdatamodeld */; };
		8C1378AB1CAE7BF300FB6830 /* Cineko.xcdatamodeld in Sources */ = {isa = PBXBuildFile; fileRef = 8C1378A71CAE7BF300FB6830 /* Cineko.xcdatamodeld */; };
		8C1378AD1CAE80A700FB6830 /* TMDBTests.swift in Sources */ = {isa = PBXBuildFile; fileRef = 8C1378AC1CAE80A700FB6830 /* TMDBTests.swift */; };
		8C1378B11CAE80D000FB6830 /* CoreDataManager.swift in Sources */ = {isa = PBXBuildFile; fileRef = 8C1378AE1CAE80D000FB6830 /* CoreDataManager.swift */; };
		8C1378B21CAE80D000FB6830 /* CoreDataManager.swift in Sources */ = {isa = PBXBuildFile; fileRef = 8C1378AE1CAE80D000FB6830 /* CoreDataManager.swift */; };
		8C1378B31CAE80D000FB6830 /* CoreDataManager.swift in Sources */ = {isa = PBXBuildFile; fileRef = 8C1378AE1CAE80D000FB6830 /* CoreDataManager.swift */; };
		8C1378B41CAE80D000FB6830 /* GCDBlackBox.swift in Sources */ = {isa = PBXBuildFile; fileRef = 8C1378AF1CAE80D000FB6830 /* GCDBlackBox.swift */; };
		8C1378B51CAE80D000FB6830 /* GCDBlackBox.swift in Sources */ = {isa = PBXBuildFile; fileRef = 8C1378AF1CAE80D000FB6830 /* GCDBlackBox.swift */; };
		8C1378B61CAE80D000FB6830 /* GCDBlackBox.swift in Sources */ = {isa = PBXBuildFile; fileRef = 8C1378AF1CAE80D000FB6830 /* GCDBlackBox.swift */; };
		8C1378B71CAE80D000FB6830 /* NetworkManager.swift in Sources */ = {isa = PBXBuildFile; fileRef = 8C1378B01CAE80D000FB6830 /* NetworkManager.swift */; };
		8C1378B81CAE80D000FB6830 /* NetworkManager.swift in Sources */ = {isa = PBXBuildFile; fileRef = 8C1378B01CAE80D000FB6830 /* NetworkManager.swift */; };
		8C1378B91CAE80D000FB6830 /* NetworkManager.swift in Sources */ = {isa = PBXBuildFile; fileRef = 8C1378B01CAE80D000FB6830 /* NetworkManager.swift */; };
		8C1378BB1CAE812900FB6830 /* CoreData.framework in Frameworks */ = {isa = PBXBuildFile; fileRef = 8C1378BA1CAE812900FB6830 /* CoreData.framework */; };
		8C1378BD1CAE819F00FB6830 /* Constants.swift in Sources */ = {isa = PBXBuildFile; fileRef = 8C1378BC1CAE819F00FB6830 /* Constants.swift */; };
		8C1378BE1CAE819F00FB6830 /* Constants.swift in Sources */ = {isa = PBXBuildFile; fileRef = 8C1378BC1CAE819F00FB6830 /* Constants.swift */; };
		8C1378BF1CAE819F00FB6830 /* Constants.swift in Sources */ = {isa = PBXBuildFile; fileRef = 8C1378BC1CAE819F00FB6830 /* Constants.swift */; };
		8C1F10691CBC81FA00001CA4 /* DynamicHeightTableViewCell.swift in Sources */ = {isa = PBXBuildFile; fileRef = 8C1F10671CBC81FA00001CA4 /* DynamicHeightTableViewCell.swift */; };
		8C1F106A1CBC81FA00001CA4 /* DynamicHeightTableViewCell.swift in Sources */ = {isa = PBXBuildFile; fileRef = 8C1F10671CBC81FA00001CA4 /* DynamicHeightTableViewCell.swift */; };
		8C1F106B1CBC81FA00001CA4 /* DynamicHeightTableViewCell.swift in Sources */ = {isa = PBXBuildFile; fileRef = 8C1F10671CBC81FA00001CA4 /* DynamicHeightTableViewCell.swift */; };
		8C1F106C1CBC81FA00001CA4 /* DynamicHeightTableViewCell.xib in Resources */ = {isa = PBXBuildFile; fileRef = 8C1F10681CBC81FA00001CA4 /* DynamicHeightTableViewCell.xib */; };
		8C1F106D1CBC81FA00001CA4 /* DynamicHeightTableViewCell.xib in Resources */ = {isa = PBXBuildFile; fileRef = 8C1F10681CBC81FA00001CA4 /* DynamicHeightTableViewCell.xib */; };
		8C1F106E1CBC81FA00001CA4 /* DynamicHeightTableViewCell.xib in Resources */ = {isa = PBXBuildFile; fileRef = 8C1F10681CBC81FA00001CA4 /* DynamicHeightTableViewCell.xib */; };
		8C37CD7B1CBB4C900093196C /* ActionTableViewCell.swift in Sources */ = {isa = PBXBuildFile; fileRef = 8C37CD791CBB4C900093196C /* ActionTableViewCell.swift */; };
		8C37CD7C1CBB4C900093196C /* ActionTableViewCell.swift in Sources */ = {isa = PBXBuildFile; fileRef = 8C37CD791CBB4C900093196C /* ActionTableViewCell.swift */; };
		8C37CD7D1CBB4C900093196C /* ActionTableViewCell.swift in Sources */ = {isa = PBXBuildFile; fileRef = 8C37CD791CBB4C900093196C /* ActionTableViewCell.swift */; };
		8C37CD7E1CBB4C900093196C /* ActionTableViewCell.xib in Resources */ = {isa = PBXBuildFile; fileRef = 8C37CD7A1CBB4C900093196C /* ActionTableViewCell.xib */; };
		8C37CD7F1CBB4C900093196C /* ActionTableViewCell.xib in Resources */ = {isa = PBXBuildFile; fileRef = 8C37CD7A1CBB4C900093196C /* ActionTableViewCell.xib */; };
		8C37CD801CBB4C900093196C /* ActionTableViewCell.xib in Resources */ = {isa = PBXBuildFile; fileRef = 8C37CD7A1CBB4C900093196C /* ActionTableViewCell.xib */; };
		8C37CD831CBB65DC0093196C /* MediaInfoTableViewCell.swift in Sources */ = {isa = PBXBuildFile; fileRef = 8C37CD811CBB65DC0093196C /* MediaInfoTableViewCell.swift */; };
		8C37CD841CBB65DC0093196C /* MediaInfoTableViewCell.swift in Sources */ = {isa = PBXBuildFile; fileRef = 8C37CD811CBB65DC0093196C /* MediaInfoTableViewCell.swift */; };
		8C37CD851CBB65DC0093196C /* MediaInfoTableViewCell.swift in Sources */ = {isa = PBXBuildFile; fileRef = 8C37CD811CBB65DC0093196C /* MediaInfoTableViewCell.swift */; };
		8C37CD861CBB65DC0093196C /* MediaInfoTableViewCell.xib in Resources */ = {isa = PBXBuildFile; fileRef = 8C37CD821CBB65DC0093196C /* MediaInfoTableViewCell.xib */; };
		8C37CD871CBB65DC0093196C /* MediaInfoTableViewCell.xib in Resources */ = {isa = PBXBuildFile; fileRef = 8C37CD821CBB65DC0093196C /* MediaInfoTableViewCell.xib */; };
		8C37CD881CBB65DC0093196C /* MediaInfoTableViewCell.xib in Resources */ = {isa = PBXBuildFile; fileRef = 8C37CD821CBB65DC0093196C /* MediaInfoTableViewCell.xib */; };
		8C3C82341CB22032008CCF4C /* LoginViewController.swift in Sources */ = {isa = PBXBuildFile; fileRef = 8C3C82331CB22032008CCF4C /* LoginViewController.swift */; };
		8C3C82351CB22032008CCF4C /* LoginViewController.swift in Sources */ = {isa = PBXBuildFile; fileRef = 8C3C82331CB22032008CCF4C /* LoginViewController.swift */; };
		8C3C82361CB22032008CCF4C /* LoginViewController.swift in Sources */ = {isa = PBXBuildFile; fileRef = 8C3C82331CB22032008CCF4C /* LoginViewController.swift */; };
		8C4FDB9A1CB6132200E2997F /* Network.swift in Sources */ = {isa = PBXBuildFile; fileRef = 8C4FDB981CB6132200E2997F /* Network.swift */; };
		8C4FDB9B1CB6132200E2997F /* Network+CoreDataProperties.swift in Sources */ = {isa = PBXBuildFile; fileRef = 8C4FDB991CB6132200E2997F /* Network+CoreDataProperties.swift */; };
		8C642D8D1CB36537008D18F1 /* FacebookStyleBar.m in Sources */ = {isa = PBXBuildFile; fileRef = 8C642D8C1CB36537008D18F1 /* FacebookStyleBar.m */; };
		8C642D8E1CB36537008D18F1 /* FacebookStyleBar.m in Sources */ = {isa = PBXBuildFile; fileRef = 8C642D8C1CB36537008D18F1 /* FacebookStyleBar.m */; };
		8C642D8F1CB36537008D18F1 /* FacebookStyleBar.m in Sources */ = {isa = PBXBuildFile; fileRef = 8C642D8C1CB36537008D18F1 /* FacebookStyleBar.m */; };
		8C67891C1CB4BDEC00E4E14B /* ThumbnailTableViewCell.swift in Sources */ = {isa = PBXBuildFile; fileRef = 8C67891A1CB4BDEC00E4E14B /* ThumbnailTableViewCell.swift */; };
		8C67891D1CB4BDEC00E4E14B /* ThumbnailTableViewCell.swift in Sources */ = {isa = PBXBuildFile; fileRef = 8C67891A1CB4BDEC00E4E14B /* ThumbnailTableViewCell.swift */; };
		8C67891E1CB4BDEC00E4E14B /* ThumbnailTableViewCell.swift in Sources */ = {isa = PBXBuildFile; fileRef = 8C67891A1CB4BDEC00E4E14B /* ThumbnailTableViewCell.swift */; };
		8C67891F1CB4BDEC00E4E14B /* ThumbnailTableViewCell.xib in Resources */ = {isa = PBXBuildFile; fileRef = 8C67891B1CB4BDEC00E4E14B /* ThumbnailTableViewCell.xib */; };
		8C6789201CB4BDEC00E4E14B /* ThumbnailTableViewCell.xib in Resources */ = {isa = PBXBuildFile; fileRef = 8C67891B1CB4BDEC00E4E14B /* ThumbnailTableViewCell.xib */; };
		8C6789211CB4BDEC00E4E14B /* ThumbnailTableViewCell.xib in Resources */ = {isa = PBXBuildFile; fileRef = 8C67891B1CB4BDEC00E4E14B /* ThumbnailTableViewCell.xib */; };
		8C6789241CB4C24A00E4E14B /* ThumbnailCollectionViewCell.swift in Sources */ = {isa = PBXBuildFile; fileRef = 8C6789221CB4C24A00E4E14B /* ThumbnailCollectionViewCell.swift */; };
		8C6789251CB4C24A00E4E14B /* ThumbnailCollectionViewCell.swift in Sources */ = {isa = PBXBuildFile; fileRef = 8C6789221CB4C24A00E4E14B /* ThumbnailCollectionViewCell.swift */; };
		8C6789261CB4C24A00E4E14B /* ThumbnailCollectionViewCell.swift in Sources */ = {isa = PBXBuildFile; fileRef = 8C6789221CB4C24A00E4E14B /* ThumbnailCollectionViewCell.swift */; };
		8C6789271CB4C24A00E4E14B /* ThumbnailCollectionViewCell.xib in Resources */ = {isa = PBXBuildFile; fileRef = 8C6789231CB4C24A00E4E14B /* ThumbnailCollectionViewCell.xib */; };
		8C6789281CB4C24A00E4E14B /* ThumbnailCollectionViewCell.xib in Resources */ = {isa = PBXBuildFile; fileRef = 8C6789231CB4C24A00E4E14B /* ThumbnailCollectionViewCell.xib */; };
		8C6789291CB4C24A00E4E14B /* ThumbnailCollectionViewCell.xib in Resources */ = {isa = PBXBuildFile; fileRef = 8C6789231CB4C24A00E4E14B /* ThumbnailCollectionViewCell.xib */; };
		8C6789401CB5209200E4E14B /* Person+CoreDataProperties.swift in Sources */ = {isa = PBXBuildFile; fileRef = 8C67892A1CB5209200E4E14B /* Person+CoreDataProperties.swift */; };
		8C6789411CB5209200E4E14B /* Person+CoreDataProperties.swift in Sources */ = {isa = PBXBuildFile; fileRef = 8C67892A1CB5209200E4E14B /* Person+CoreDataProperties.swift */; };
		8C6789421CB5209200E4E14B /* Person+CoreDataProperties.swift in Sources */ = {isa = PBXBuildFile; fileRef = 8C67892A1CB5209200E4E14B /* Person+CoreDataProperties.swift */; };
		8C6789431CB5209200E4E14B /* Person.swift in Sources */ = {isa = PBXBuildFile; fileRef = 8C67892B1CB5209200E4E14B /* Person.swift */; };
		8C6789441CB5209200E4E14B /* Person.swift in Sources */ = {isa = PBXBuildFile; fileRef = 8C67892B1CB5209200E4E14B /* Person.swift */; };
		8C6789451CB5209200E4E14B /* Person.swift in Sources */ = {isa = PBXBuildFile; fileRef = 8C67892B1CB5209200E4E14B /* Person.swift */; };
		8C6789461CB5209200E4E14B /* TVShow+CoreDataProperties.swift in Sources */ = {isa = PBXBuildFile; fileRef = 8C67892C1CB5209200E4E14B /* TVShow+CoreDataProperties.swift */; };
		8C6789471CB5209200E4E14B /* TVShow+CoreDataProperties.swift in Sources */ = {isa = PBXBuildFile; fileRef = 8C67892C1CB5209200E4E14B /* TVShow+CoreDataProperties.swift */; };
		8C6789481CB5209200E4E14B /* TVShow+CoreDataProperties.swift in Sources */ = {isa = PBXBuildFile; fileRef = 8C67892C1CB5209200E4E14B /* TVShow+CoreDataProperties.swift */; };
		8C6789491CB5209200E4E14B /* TVShow.swift in Sources */ = {isa = PBXBuildFile; fileRef = 8C67892D1CB5209200E4E14B /* TVShow.swift */; };
		8C67894A1CB5209200E4E14B /* TVShow.swift in Sources */ = {isa = PBXBuildFile; fileRef = 8C67892D1CB5209200E4E14B /* TVShow.swift */; };
		8C67894B1CB5209200E4E14B /* TVShow.swift in Sources */ = {isa = PBXBuildFile; fileRef = 8C67892D1CB5209200E4E14B /* TVShow.swift */; };
		8C67894C1CB5209200E4E14B /* Genre+CoreDataProperties.swift in Sources */ = {isa = PBXBuildFile; fileRef = 8C67892E1CB5209200E4E14B /* Genre+CoreDataProperties.swift */; };
		8C67894D1CB5209200E4E14B /* Genre+CoreDataProperties.swift in Sources */ = {isa = PBXBuildFile; fileRef = 8C67892E1CB5209200E4E14B /* Genre+CoreDataProperties.swift */; };
		8C67894E1CB5209200E4E14B /* Genre+CoreDataProperties.swift in Sources */ = {isa = PBXBuildFile; fileRef = 8C67892E1CB5209200E4E14B /* Genre+CoreDataProperties.swift */; };
		8C67894F1CB5209200E4E14B /* Genre.swift in Sources */ = {isa = PBXBuildFile; fileRef = 8C67892F1CB5209200E4E14B /* Genre.swift */; };
		8C6789501CB5209200E4E14B /* Genre.swift in Sources */ = {isa = PBXBuildFile; fileRef = 8C67892F1CB5209200E4E14B /* Genre.swift */; };
		8C6789511CB5209200E4E14B /* Genre.swift in Sources */ = {isa = PBXBuildFile; fileRef = 8C67892F1CB5209200E4E14B /* Genre.swift */; };
		8C6789521CB5209200E4E14B /* Image+CoreDataProperties.swift in Sources */ = {isa = PBXBuildFile; fileRef = 8C6789301CB5209200E4E14B /* Image+CoreDataProperties.swift */; };
		8C6789531CB5209200E4E14B /* Image+CoreDataProperties.swift in Sources */ = {isa = PBXBuildFile; fileRef = 8C6789301CB5209200E4E14B /* Image+CoreDataProperties.swift */; };
		8C6789541CB5209200E4E14B /* Image+CoreDataProperties.swift in Sources */ = {isa = PBXBuildFile; fileRef = 8C6789301CB5209200E4E14B /* Image+CoreDataProperties.swift */; };
		8C6789551CB5209200E4E14B /* Image.swift in Sources */ = {isa = PBXBuildFile; fileRef = 8C6789311CB5209200E4E14B /* Image.swift */; };
		8C6789561CB5209200E4E14B /* Image.swift in Sources */ = {isa = PBXBuildFile; fileRef = 8C6789311CB5209200E4E14B /* Image.swift */; };
		8C6789571CB5209200E4E14B /* Image.swift in Sources */ = {isa = PBXBuildFile; fileRef = 8C6789311CB5209200E4E14B /* Image.swift */; };
		8C6789581CB5209200E4E14B /* Movie+CoreDataProperties.swift in Sources */ = {isa = PBXBuildFile; fileRef = 8C6789321CB5209200E4E14B /* Movie+CoreDataProperties.swift */; };
		8C6789591CB5209200E4E14B /* Movie+CoreDataProperties.swift in Sources */ = {isa = PBXBuildFile; fileRef = 8C6789321CB5209200E4E14B /* Movie+CoreDataProperties.swift */; };
		8C67895A1CB5209200E4E14B /* Movie+CoreDataProperties.swift in Sources */ = {isa = PBXBuildFile; fileRef = 8C6789321CB5209200E4E14B /* Movie+CoreDataProperties.swift */; };
		8C67895B1CB5209200E4E14B /* Movie.swift in Sources */ = {isa = PBXBuildFile; fileRef = 8C6789331CB5209200E4E14B /* Movie.swift */; };
		8C67895C1CB5209200E4E14B /* Movie.swift in Sources */ = {isa = PBXBuildFile; fileRef = 8C6789331CB5209200E4E14B /* Movie.swift */; };
		8C67895D1CB5209200E4E14B /* Movie.swift in Sources */ = {isa = PBXBuildFile; fileRef = 8C6789331CB5209200E4E14B /* Movie.swift */; };
		8C67895E1CB5209200E4E14B /* Country+CoreDataProperties.swift in Sources */ = {isa = PBXBuildFile; fileRef = 8C6789341CB5209200E4E14B /* Country+CoreDataProperties.swift */; };
		8C67895F1CB5209200E4E14B /* Country+CoreDataProperties.swift in Sources */ = {isa = PBXBuildFile; fileRef = 8C6789341CB5209200E4E14B /* Country+CoreDataProperties.swift */; };
		8C6789601CB5209200E4E14B /* Country+CoreDataProperties.swift in Sources */ = {isa = PBXBuildFile; fileRef = 8C6789341CB5209200E4E14B /* Country+CoreDataProperties.swift */; };
		8C6789611CB5209200E4E14B /* Country.swift in Sources */ = {isa = PBXBuildFile; fileRef = 8C6789351CB5209200E4E14B /* Country.swift */; };
		8C6789621CB5209200E4E14B /* Country.swift in Sources */ = {isa = PBXBuildFile; fileRef = 8C6789351CB5209200E4E14B /* Country.swift */; };
		8C6789631CB5209200E4E14B /* Country.swift in Sources */ = {isa = PBXBuildFile; fileRef = 8C6789351CB5209200E4E14B /* Country.swift */; };
		8C6789641CB5209200E4E14B /* Company+CoreDataProperties.swift in Sources */ = {isa = PBXBuildFile; fileRef = 8C6789361CB5209200E4E14B /* Company+CoreDataProperties.swift */; };
		8C6789651CB5209200E4E14B /* Company+CoreDataProperties.swift in Sources */ = {isa = PBXBuildFile; fileRef = 8C6789361CB5209200E4E14B /* Company+CoreDataProperties.swift */; };
		8C6789661CB5209200E4E14B /* Company+CoreDataProperties.swift in Sources */ = {isa = PBXBuildFile; fileRef = 8C6789361CB5209200E4E14B /* Company+CoreDataProperties.swift */; };
		8C6789671CB5209200E4E14B /* Company.swift in Sources */ = {isa = PBXBuildFile; fileRef = 8C6789371CB5209200E4E14B /* Company.swift */; };
		8C6789681CB5209200E4E14B /* Company.swift in Sources */ = {isa = PBXBuildFile; fileRef = 8C6789371CB5209200E4E14B /* Company.swift */; };
		8C6789691CB5209200E4E14B /* Company.swift in Sources */ = {isa = PBXBuildFile; fileRef = 8C6789371CB5209200E4E14B /* Company.swift */; };
		8C67896A1CB5209200E4E14B /* Account+CoreDataProperties.swift in Sources */ = {isa = PBXBuildFile; fileRef = 8C6789381CB5209200E4E14B /* Account+CoreDataProperties.swift */; };
		8C67896B1CB5209200E4E14B /* Account+CoreDataProperties.swift in Sources */ = {isa = PBXBuildFile; fileRef = 8C6789381CB5209200E4E14B /* Account+CoreDataProperties.swift */; };
		8C67896C1CB5209200E4E14B /* Account+CoreDataProperties.swift in Sources */ = {isa = PBXBuildFile; fileRef = 8C6789381CB5209200E4E14B /* Account+CoreDataProperties.swift */; };
		8C67896D1CB5209200E4E14B /* Account.swift in Sources */ = {isa = PBXBuildFile; fileRef = 8C6789391CB5209200E4E14B /* Account.swift */; };
		8C67896E1CB5209200E4E14B /* Account.swift in Sources */ = {isa = PBXBuildFile; fileRef = 8C6789391CB5209200E4E14B /* Account.swift */; };
		8C67896F1CB5209200E4E14B /* Account.swift in Sources */ = {isa = PBXBuildFile; fileRef = 8C6789391CB5209200E4E14B /* Account.swift */; };
		8C6789701CB5209200E4E14B /* TVEpisode+CoreDataProperties.swift in Sources */ = {isa = PBXBuildFile; fileRef = 8C67893A1CB5209200E4E14B /* TVEpisode+CoreDataProperties.swift */; };
		8C6789711CB5209200E4E14B /* TVEpisode+CoreDataProperties.swift in Sources */ = {isa = PBXBuildFile; fileRef = 8C67893A1CB5209200E4E14B /* TVEpisode+CoreDataProperties.swift */; };
		8C6789721CB5209200E4E14B /* TVEpisode+CoreDataProperties.swift in Sources */ = {isa = PBXBuildFile; fileRef = 8C67893A1CB5209200E4E14B /* TVEpisode+CoreDataProperties.swift */; };
		8C6789731CB5209200E4E14B /* TVEpisode.swift in Sources */ = {isa = PBXBuildFile; fileRef = 8C67893B1CB5209200E4E14B /* TVEpisode.swift */; };
		8C6789741CB5209200E4E14B /* TVEpisode.swift in Sources */ = {isa = PBXBuildFile; fileRef = 8C67893B1CB5209200E4E14B /* TVEpisode.swift */; };
		8C6789751CB5209200E4E14B /* TVEpisode.swift in Sources */ = {isa = PBXBuildFile; fileRef = 8C67893B1CB5209200E4E14B /* TVEpisode.swift */; };
		8C6789761CB5209200E4E14B /* TVSeason+CoreDataProperties.swift in Sources */ = {isa = PBXBuildFile; fileRef = 8C67893C1CB5209200E4E14B /* TVSeason+CoreDataProperties.swift */; };
		8C6789771CB5209200E4E14B /* TVSeason+CoreDataProperties.swift in Sources */ = {isa = PBXBuildFile; fileRef = 8C67893C1CB5209200E4E14B /* TVSeason+CoreDataProperties.swift */; };
		8C6789781CB5209200E4E14B /* TVSeason+CoreDataProperties.swift in Sources */ = {isa = PBXBuildFile; fileRef = 8C67893C1CB5209200E4E14B /* TVSeason+CoreDataProperties.swift */; };
		8C6789791CB5209200E4E14B /* TVSeason.swift in Sources */ = {isa = PBXBuildFile; fileRef = 8C67893D1CB5209200E4E14B /* TVSeason.swift */; };
		8C67897A1CB5209200E4E14B /* TVSeason.swift in Sources */ = {isa = PBXBuildFile; fileRef = 8C67893D1CB5209200E4E14B /* TVSeason.swift */; };
		8C67897B1CB5209200E4E14B /* TVSeason.swift in Sources */ = {isa = PBXBuildFile; fileRef = 8C67893D1CB5209200E4E14B /* TVSeason.swift */; };
		8C67897C1CB5209200E4E14B /* Language+CoreDataProperties.swift in Sources */ = {isa = PBXBuildFile; fileRef = 8C67893E1CB5209200E4E14B /* Language+CoreDataProperties.swift */; };
		8C67897D1CB5209200E4E14B /* Language+CoreDataProperties.swift in Sources */ = {isa = PBXBuildFile; fileRef = 8C67893E1CB5209200E4E14B /* Language+CoreDataProperties.swift */; };
		8C67897E1CB5209200E4E14B /* Language+CoreDataProperties.swift in Sources */ = {isa = PBXBuildFile; fileRef = 8C67893E1CB5209200E4E14B /* Language+CoreDataProperties.swift */; };
		8C67897F1CB5209200E4E14B /* Language.swift in Sources */ = {isa = PBXBuildFile; fileRef = 8C67893F1CB5209200E4E14B /* Language.swift */; };
		8C6789801CB5209200E4E14B /* Language.swift in Sources */ = {isa = PBXBuildFile; fileRef = 8C67893F1CB5209200E4E14B /* Language.swift */; };
		8C6789811CB5209200E4E14B /* Language.swift in Sources */ = {isa = PBXBuildFile; fileRef = 8C67893F1CB5209200E4E14B /* Language.swift */; };
		8C7809541CB80A7800C1810C /* MovieDetailsViewController.swift in Sources */ = {isa = PBXBuildFile; fileRef = 8C7809521CB80A7800C1810C /* MovieDetailsViewController.swift */; };
		8C7809551CB80A7800C1810C /* MovieDetailsViewController.swift in Sources */ = {isa = PBXBuildFile; fileRef = 8C7809521CB80A7800C1810C /* MovieDetailsViewController.swift */; };
		8C7809561CB80A7800C1810C /* MovieDetailsViewController.swift in Sources */ = {isa = PBXBuildFile; fileRef = 8C7809521CB80A7800C1810C /* MovieDetailsViewController.swift */; };
		8CB749401CAEC1B600EABB91 /* FeaturedViewController.swift in Sources */ = {isa = PBXBuildFile; fileRef = 8CB7493F1CAEC1B600EABB91 /* FeaturedViewController.swift */; };
		8CB749411CAEC1B600EABB91 /* FeaturedViewController.swift in Sources */ = {isa = PBXBuildFile; fileRef = 8CB7493F1CAEC1B600EABB91 /* FeaturedViewController.swift */; };
		8CB749421CAEC1B600EABB91 /* FeaturedViewController.swift in Sources */ = {isa = PBXBuildFile; fileRef = 8CB7493F1CAEC1B600EABB91 /* FeaturedViewController.swift */; };
		8CB749441CAEC1CF00EABB91 /* MoviesViewController.swift in Sources */ = {isa = PBXBuildFile; fileRef = 8CB749431CAEC1CF00EABB91 /* MoviesViewController.swift */; };
		8CB749451CAEC1CF00EABB91 /* MoviesViewController.swift in Sources */ = {isa = PBXBuildFile; fileRef = 8CB749431CAEC1CF00EABB91 /* MoviesViewController.swift */; };
		8CB749461CAEC1CF00EABB91 /* MoviesViewController.swift in Sources */ = {isa = PBXBuildFile; fileRef = 8CB749431CAEC1CF00EABB91 /* MoviesViewController.swift */; };
		8CB749481CAEC1F000EABB91 /* TVShowsViewController.swift in Sources */ = {isa = PBXBuildFile; fileRef = 8CB749471CAEC1F000EABB91 /* TVShowsViewController.swift */; };
		8CB749491CAEC1F000EABB91 /* TVShowsViewController.swift in Sources */ = {isa = PBXBuildFile; fileRef = 8CB749471CAEC1F000EABB91 /* TVShowsViewController.swift */; };
		8CB7494A1CAEC1F000EABB91 /* TVShowsViewController.swift in Sources */ = {isa = PBXBuildFile; fileRef = 8CB749471CAEC1F000EABB91 /* TVShowsViewController.swift */; };
		8CB749501CAEC21900EABB91 /* AccountViewController.swift in Sources */ = {isa = PBXBuildFile; fileRef = 8CB7494F1CAEC21900EABB91 /* AccountViewController.swift */; };
		8CB749511CAEC21900EABB91 /* AccountViewController.swift in Sources */ = {isa = PBXBuildFile; fileRef = 8CB7494F1CAEC21900EABB91 /* AccountViewController.swift */; };
		8CB749521CAEC21900EABB91 /* AccountViewController.swift in Sources */ = {isa = PBXBuildFile; fileRef = 8CB7494F1CAEC21900EABB91 /* AccountViewController.swift */; };
		8CD408BE1CB17AC200F9132F /* StartViewController.swift in Sources */ = {isa = PBXBuildFile; fileRef = 8CD408BD1CB17AC200F9132F /* StartViewController.swift */; };
		8CD408BF1CB17AC200F9132F /* StartViewController.swift in Sources */ = {isa = PBXBuildFile; fileRef = 8CD408BD1CB17AC200F9132F /* StartViewController.swift */; };
		8CD408C01CB17AC200F9132F /* StartViewController.swift in Sources */ = {isa = PBXBuildFile; fileRef = 8CD408BD1CB17AC200F9132F /* StartViewController.swift */; };
		8CD408C21CB1822E00F9132F /* TMDBManager.swift in Sources */ = {isa = PBXBuildFile; fileRef = 8CD408C11CB1822E00F9132F /* TMDBManager.swift */; };
		8CD408C31CB1822E00F9132F /* TMDBManager.swift in Sources */ = {isa = PBXBuildFile; fileRef = 8CD408C11CB1822E00F9132F /* TMDBManager.swift */; };
		8CD408C41CB1822E00F9132F /* TMDBManager.swift in Sources */ = {isa = PBXBuildFile; fileRef = 8CD408C11CB1822E00F9132F /* TMDBManager.swift */; };
		8CDAA49E1CB60B26008E9665 /* Credit+CoreDataProperties.swift in Sources */ = {isa = PBXBuildFile; fileRef = 8CDAA4961CB60B26008E9665 /* Credit+CoreDataProperties.swift */; };
		8CDAA49F1CB60B26008E9665 /* Credit+CoreDataProperties.swift in Sources */ = {isa = PBXBuildFile; fileRef = 8CDAA4961CB60B26008E9665 /* Credit+CoreDataProperties.swift */; };
		8CDAA4A01CB60B26008E9665 /* Credit+CoreDataProperties.swift in Sources */ = {isa = PBXBuildFile; fileRef = 8CDAA4961CB60B26008E9665 /* Credit+CoreDataProperties.swift */; };
		8CDAA4A11CB60B26008E9665 /* Credit.swift in Sources */ = {isa = PBXBuildFile; fileRef = 8CDAA4971CB60B26008E9665 /* Credit.swift */; };
		8CDAA4A21CB60B26008E9665 /* Credit.swift in Sources */ = {isa = PBXBuildFile; fileRef = 8CDAA4971CB60B26008E9665 /* Credit.swift */; };
		8CDAA4A31CB60B26008E9665 /* Credit.swift in Sources */ = {isa = PBXBuildFile; fileRef = 8CDAA4971CB60B26008E9665 /* Credit.swift */; };
		A6EFC38E7DA51EF7EB697EB8 /* Pods_CinekoUITests.framework in Frameworks */ = {isa = PBXBuildFile; fileRef = 90EB5DD5D3DEA29B63CD4009 /* Pods_CinekoUITests.framework */; };
		D768F0933A6DD3BFB17AB637 /* Pods_Cineko.framework in Frameworks */ = {isa = PBXBuildFile; fileRef = 3E6361E0E48D7A9B4A4CB7CA /* Pods_Cineko.framework */; };
/* End PBXBuildFile section */

/* Begin PBXContainerItemProxy section */
		8C1378851CAE16B800FB6830 /* PBXContainerItemProxy */ = {
			isa = PBXContainerItemProxy;
			containerPortal = 8C1378681CAE16B300FB6830 /* Project object */;
			proxyType = 1;
			remoteGlobalIDString = 8C13786F1CAE16B300FB6830;
			remoteInfo = Cineko;
		};
		8C1378901CAE16B800FB6830 /* PBXContainerItemProxy */ = {
			isa = PBXContainerItemProxy;
			containerPortal = 8C1378681CAE16B300FB6830 /* Project object */;
			proxyType = 1;
			remoteGlobalIDString = 8C13786F1CAE16B300FB6830;
			remoteInfo = Cineko;
		};
/* End PBXContainerItemProxy section */

/* Begin PBXFileReference section */
		2BBB6EC9900CC67C4275E520 /* Pods-CinekoTests.release.xcconfig */ = {isa = PBXFileReference; includeInIndex = 1; lastKnownFileType = text.xcconfig; name = "Pods-CinekoTests.release.xcconfig"; path = "Pods/Target Support Files/Pods-CinekoTests/Pods-CinekoTests.release.xcconfig"; sourceTree = "<group>"; };
		37ECB34B30BFE9A199455045 /* Pods_CinekoTests.framework */ = {isa = PBXFileReference; explicitFileType = wrapper.framework; includeInIndex = 0; path = Pods_CinekoTests.framework; sourceTree = BUILT_PRODUCTS_DIR; };
		3E6361E0E48D7A9B4A4CB7CA /* Pods_Cineko.framework */ = {isa = PBXFileReference; explicitFileType = wrapper.framework; includeInIndex = 0; path = Pods_Cineko.framework; sourceTree = BUILT_PRODUCTS_DIR; };
		5BF6298FD888C45CA3E9E79B /* Pods-Cineko.debug.xcconfig */ = {isa = PBXFileReference; includeInIndex = 1; lastKnownFileType = text.xcconfig; name = "Pods-Cineko.debug.xcconfig"; path = "Pods/Target Support Files/Pods-Cineko/Pods-Cineko.debug.xcconfig"; sourceTree = "<group>"; };
		6D27791043D9657918374E78 /* Pods-CinekoUITests.debug.xcconfig */ = {isa = PBXFileReference; includeInIndex = 1; lastKnownFileType = text.xcconfig; name = "Pods-CinekoUITests.debug.xcconfig"; path = "Pods/Target Support Files/Pods-CinekoUITests/Pods-CinekoUITests.debug.xcconfig"; sourceTree = "<group>"; };
		8C1378701CAE16B300FB6830 /* Cineko.app */ = {isa = PBXFileReference; explicitFileType = wrapper.application; includeInIndex = 0; path = Cineko.app; sourceTree = BUILT_PRODUCTS_DIR; };
		8C1378731CAE16B600FB6830 /* AppDelegate.swift */ = {isa = PBXFileReference; lastKnownFileType = sourcecode.swift; path = AppDelegate.swift; sourceTree = "<group>"; };
		8C1378781CAE16B700FB6830 /* Base */ = {isa = PBXFileReference; lastKnownFileType = file.storyboard; name = Base; path = Base.lproj/Main.storyboard; sourceTree = "<group>"; };
		8C13787A1CAE16B700FB6830 /* Assets.xcassets */ = {isa = PBXFileReference; lastKnownFileType = folder.assetcatalog; path = Assets.xcassets; sourceTree = "<group>"; };
		8C13787D1CAE16B700FB6830 /* Base */ = {isa = PBXFileReference; lastKnownFileType = file.storyboard; name = Base; path = Base.lproj/LaunchScreen.storyboard; sourceTree = "<group>"; };
		8C13787F1CAE16B700FB6830 /* Info.plist */ = {isa = PBXFileReference; lastKnownFileType = text.plist.xml; path = Info.plist; sourceTree = "<group>"; };
		8C1378841CAE16B800FB6830 /* CinekoTests.xctest */ = {isa = PBXFileReference; explicitFileType = wrapper.cfbundle; includeInIndex = 0; path = CinekoTests.xctest; sourceTree = BUILT_PRODUCTS_DIR; };
		8C1378881CAE16B800FB6830 /* CinekoTests.swift */ = {isa = PBXFileReference; lastKnownFileType = sourcecode.swift; path = CinekoTests.swift; sourceTree = "<group>"; };
		8C13788A1CAE16B800FB6830 /* Info.plist */ = {isa = PBXFileReference; lastKnownFileType = text.plist.xml; path = Info.plist; sourceTree = "<group>"; };
		8C13788F1CAE16B800FB6830 /* CinekoUITests.xctest */ = {isa = PBXFileReference; explicitFileType = wrapper.cfbundle; includeInIndex = 0; path = CinekoUITests.xctest; sourceTree = BUILT_PRODUCTS_DIR; };
		8C1378931CAE16B800FB6830 /* CinekoUITests.swift */ = {isa = PBXFileReference; lastKnownFileType = sourcecode.swift; path = CinekoUITests.swift; sourceTree = "<group>"; };
		8C1378951CAE16B900FB6830 /* Info.plist */ = {isa = PBXFileReference; lastKnownFileType = text.plist.xml; path = Info.plist; sourceTree = "<group>"; };
		8C1378A81CAE7BF300FB6830 /* Cineko.xcdatamodel */ = {isa = PBXFileReference; lastKnownFileType = wrapper.xcdatamodel; path = Cineko.xcdatamodel; sourceTree = "<group>"; };
		8C1378AC1CAE80A700FB6830 /* TMDBTests.swift */ = {isa = PBXFileReference; fileEncoding = 4; lastKnownFileType = sourcecode.swift; path = TMDBTests.swift; sourceTree = "<group>"; };
		8C1378AE1CAE80D000FB6830 /* CoreDataManager.swift */ = {isa = PBXFileReference; fileEncoding = 4; lastKnownFileType = sourcecode.swift; path = CoreDataManager.swift; sourceTree = "<group>"; };
		8C1378AF1CAE80D000FB6830 /* GCDBlackBox.swift */ = {isa = PBXFileReference; fileEncoding = 4; lastKnownFileType = sourcecode.swift; path = GCDBlackBox.swift; sourceTree = "<group>"; };
		8C1378B01CAE80D000FB6830 /* NetworkManager.swift */ = {isa = PBXFileReference; fileEncoding = 4; lastKnownFileType = sourcecode.swift; path = NetworkManager.swift; sourceTree = "<group>"; };
		8C1378BA1CAE812900FB6830 /* CoreData.framework */ = {isa = PBXFileReference; lastKnownFileType = wrapper.framework; name = CoreData.framework; path = System/Library/Frameworks/CoreData.framework; sourceTree = SDKROOT; };
		8C1378BC1CAE819F00FB6830 /* Constants.swift */ = {isa = PBXFileReference; fileEncoding = 4; lastKnownFileType = sourcecode.swift; path = Constants.swift; sourceTree = "<group>"; };
		8C1F10671CBC81FA00001CA4 /* DynamicHeightTableViewCell.swift */ = {isa = PBXFileReference; fileEncoding = 4; lastKnownFileType = sourcecode.swift; path = DynamicHeightTableViewCell.swift; sourceTree = "<group>"; };
		8C1F10681CBC81FA00001CA4 /* DynamicHeightTableViewCell.xib */ = {isa = PBXFileReference; fileEncoding = 4; lastKnownFileType = file.xib; path = DynamicHeightTableViewCell.xib; sourceTree = "<group>"; };
		8C37CD791CBB4C900093196C /* ActionTableViewCell.swift */ = {isa = PBXFileReference; fileEncoding = 4; lastKnownFileType = sourcecode.swift; path = ActionTableViewCell.swift; sourceTree = "<group>"; };
		8C37CD7A1CBB4C900093196C /* ActionTableViewCell.xib */ = {isa = PBXFileReference; fileEncoding = 4; lastKnownFileType = file.xib; path = ActionTableViewCell.xib; sourceTree = "<group>"; };
		8C37CD811CBB65DC0093196C /* MediaInfoTableViewCell.swift */ = {isa = PBXFileReference; fileEncoding = 4; lastKnownFileType = sourcecode.swift; path = MediaInfoTableViewCell.swift; sourceTree = "<group>"; };
		8C37CD821CBB65DC0093196C /* MediaInfoTableViewCell.xib */ = {isa = PBXFileReference; fileEncoding = 4; lastKnownFileType = file.xib; path = MediaInfoTableViewCell.xib; sourceTree = "<group>"; };
		8C3C82331CB22032008CCF4C /* LoginViewController.swift */ = {isa = PBXFileReference; fileEncoding = 4; lastKnownFileType = sourcecode.swift; path = LoginViewController.swift; sourceTree = "<group>"; };
		8C4FDB981CB6132200E2997F /* Network.swift */ = {isa = PBXFileReference; fileEncoding = 4; lastKnownFileType = sourcecode.swift; path = Network.swift; sourceTree = "<group>"; };
		8C4FDB991CB6132200E2997F /* Network+CoreDataProperties.swift */ = {isa = PBXFileReference; fileEncoding = 4; lastKnownFileType = sourcecode.swift; path = "Network+CoreDataProperties.swift"; sourceTree = "<group>"; };
		8C642D8B1CB36537008D18F1 /* FacebookStyleBar.h */ = {isa = PBXFileReference; fileEncoding = 4; lastKnownFileType = sourcecode.c.h; path = FacebookStyleBar.h; sourceTree = "<group>"; };
		8C642D8C1CB36537008D18F1 /* FacebookStyleBar.m */ = {isa = PBXFileReference; fileEncoding = 4; lastKnownFileType = sourcecode.c.objc; path = FacebookStyleBar.m; sourceTree = "<group>"; };
		8C67891A1CB4BDEC00E4E14B /* ThumbnailTableViewCell.swift */ = {isa = PBXFileReference; fileEncoding = 4; lastKnownFileType = sourcecode.swift; path = ThumbnailTableViewCell.swift; sourceTree = "<group>"; };
		8C67891B1CB4BDEC00E4E14B /* ThumbnailTableViewCell.xib */ = {isa = PBXFileReference; fileEncoding = 4; lastKnownFileType = file.xib; path = ThumbnailTableViewCell.xib; sourceTree = "<group>"; };
		8C6789221CB4C24A00E4E14B /* ThumbnailCollectionViewCell.swift */ = {isa = PBXFileReference; fileEncoding = 4; lastKnownFileType = sourcecode.swift; path = ThumbnailCollectionViewCell.swift; sourceTree = "<group>"; };
		8C6789231CB4C24A00E4E14B /* ThumbnailCollectionViewCell.xib */ = {isa = PBXFileReference; fileEncoding = 4; lastKnownFileType = file.xib; path = ThumbnailCollectionViewCell.xib; sourceTree = "<group>"; };
		8C67892A1CB5209200E4E14B /* Person+CoreDataProperties.swift */ = {isa = PBXFileReference; fileEncoding = 4; lastKnownFileType = sourcecode.swift; path = "Person+CoreDataProperties.swift"; sourceTree = "<group>"; };
		8C67892B1CB5209200E4E14B /* Person.swift */ = {isa = PBXFileReference; fileEncoding = 4; lastKnownFileType = sourcecode.swift; path = Person.swift; sourceTree = "<group>"; };
		8C67892C1CB5209200E4E14B /* TVShow+CoreDataProperties.swift */ = {isa = PBXFileReference; fileEncoding = 4; lastKnownFileType = sourcecode.swift; path = "TVShow+CoreDataProperties.swift"; sourceTree = "<group>"; };
		8C67892D1CB5209200E4E14B /* TVShow.swift */ = {isa = PBXFileReference; fileEncoding = 4; lastKnownFileType = sourcecode.swift; path = TVShow.swift; sourceTree = "<group>"; };
		8C67892E1CB5209200E4E14B /* Genre+CoreDataProperties.swift */ = {isa = PBXFileReference; fileEncoding = 4; lastKnownFileType = sourcecode.swift; path = "Genre+CoreDataProperties.swift"; sourceTree = "<group>"; };
		8C67892F1CB5209200E4E14B /* Genre.swift */ = {isa = PBXFileReference; fileEncoding = 4; lastKnownFileType = sourcecode.swift; path = Genre.swift; sourceTree = "<group>"; };
		8C6789301CB5209200E4E14B /* Image+CoreDataProperties.swift */ = {isa = PBXFileReference; fileEncoding = 4; lastKnownFileType = sourcecode.swift; path = "Image+CoreDataProperties.swift"; sourceTree = "<group>"; };
		8C6789311CB5209200E4E14B /* Image.swift */ = {isa = PBXFileReference; fileEncoding = 4; lastKnownFileType = sourcecode.swift; path = Image.swift; sourceTree = "<group>"; };
		8C6789321CB5209200E4E14B /* Movie+CoreDataProperties.swift */ = {isa = PBXFileReference; fileEncoding = 4; lastKnownFileType = sourcecode.swift; path = "Movie+CoreDataProperties.swift"; sourceTree = "<group>"; };
		8C6789331CB5209200E4E14B /* Movie.swift */ = {isa = PBXFileReference; fileEncoding = 4; lastKnownFileType = sourcecode.swift; path = Movie.swift; sourceTree = "<group>"; };
		8C6789341CB5209200E4E14B /* Country+CoreDataProperties.swift */ = {isa = PBXFileReference; fileEncoding = 4; lastKnownFileType = sourcecode.swift; path = "Country+CoreDataProperties.swift"; sourceTree = "<group>"; };
		8C6789351CB5209200E4E14B /* Country.swift */ = {isa = PBXFileReference; fileEncoding = 4; lastKnownFileType = sourcecode.swift; path = Country.swift; sourceTree = "<group>"; };
		8C6789361CB5209200E4E14B /* Company+CoreDataProperties.swift */ = {isa = PBXFileReference; fileEncoding = 4; lastKnownFileType = sourcecode.swift; path = "Company+CoreDataProperties.swift"; sourceTree = "<group>"; };
		8C6789371CB5209200E4E14B /* Company.swift */ = {isa = PBXFileReference; fileEncoding = 4; lastKnownFileType = sourcecode.swift; path = Company.swift; sourceTree = "<group>"; };
		8C6789381CB5209200E4E14B /* Account+CoreDataProperties.swift */ = {isa = PBXFileReference; fileEncoding = 4; lastKnownFileType = sourcecode.swift; path = "Account+CoreDataProperties.swift"; sourceTree = "<group>"; };
		8C6789391CB5209200E4E14B /* Account.swift */ = {isa = PBXFileReference; fileEncoding = 4; lastKnownFileType = sourcecode.swift; path = Account.swift; sourceTree = "<group>"; };
		8C67893A1CB5209200E4E14B /* TVEpisode+CoreDataProperties.swift */ = {isa = PBXFileReference; fileEncoding = 4; lastKnownFileType = sourcecode.swift; path = "TVEpisode+CoreDataProperties.swift"; sourceTree = "<group>"; };
		8C67893B1CB5209200E4E14B /* TVEpisode.swift */ = {isa = PBXFileReference; fileEncoding = 4; lastKnownFileType = sourcecode.swift; path = TVEpisode.swift; sourceTree = "<group>"; };
		8C67893C1CB5209200E4E14B /* TVSeason+CoreDataProperties.swift */ = {isa = PBXFileReference; fileEncoding = 4; lastKnownFileType = sourcecode.swift; path = "TVSeason+CoreDataProperties.swift"; sourceTree = "<group>"; };
		8C67893D1CB5209200E4E14B /* TVSeason.swift */ = {isa = PBXFileReference; fileEncoding = 4; lastKnownFileType = sourcecode.swift; path = TVSeason.swift; sourceTree = "<group>"; };
		8C67893E1CB5209200E4E14B /* Language+CoreDataProperties.swift */ = {isa = PBXFileReference; fileEncoding = 4; lastKnownFileType = sourcecode.swift; path = "Language+CoreDataProperties.swift"; sourceTree = "<group>"; };
		8C67893F1CB5209200E4E14B /* Language.swift */ = {isa = PBXFileReference; fileEncoding = 4; lastKnownFileType = sourcecode.swift; path = Language.swift; sourceTree = "<group>"; };
		8C7809521CB80A7800C1810C /* MovieDetailsViewController.swift */ = {isa = PBXFileReference; fileEncoding = 4; lastKnownFileType = sourcecode.swift; path = MovieDetailsViewController.swift; sourceTree = "<group>"; };
		8CB7493F1CAEC1B600EABB91 /* FeaturedViewController.swift */ = {isa = PBXFileReference; fileEncoding = 4; lastKnownFileType = sourcecode.swift; path = FeaturedViewController.swift; sourceTree = "<group>"; };
		8CB749431CAEC1CF00EABB91 /* MoviesViewController.swift */ = {isa = PBXFileReference; fileEncoding = 4; lastKnownFileType = sourcecode.swift; path = MoviesViewController.swift; sourceTree = "<group>"; };
		8CB749471CAEC1F000EABB91 /* TVShowsViewController.swift */ = {isa = PBXFileReference; fileEncoding = 4; lastKnownFileType = sourcecode.swift; path = TVShowsViewController.swift; sourceTree = "<group>"; };
		8CB7494F1CAEC21900EABB91 /* AccountViewController.swift */ = {isa = PBXFileReference; fileEncoding = 4; lastKnownFileType = sourcecode.swift; path = AccountViewController.swift; sourceTree = "<group>"; };
		8CBDC34C1CB2BA1200FA15F8 /* Cineko-Bridging-Header.h */ = {isa = PBXFileReference; lastKnownFileType = sourcecode.c.h; path = "Cineko-Bridging-Header.h"; sourceTree = "<group>"; };
		8CBDC34D1CB2BA1200FA15F8 /* CinekoTests-Bridging-Header.h */ = {isa = PBXFileReference; lastKnownFileType = sourcecode.c.h; path = "CinekoTests-Bridging-Header.h"; sourceTree = "<group>"; };
		8CBDC34E1CB2BA1300FA15F8 /* CinekoUITests-Bridging-Header.h */ = {isa = PBXFileReference; lastKnownFileType = sourcecode.c.h; path = "CinekoUITests-Bridging-Header.h"; sourceTree = "<group>"; };
		8CD408BD1CB17AC200F9132F /* StartViewController.swift */ = {isa = PBXFileReference; fileEncoding = 4; lastKnownFileType = sourcecode.swift; path = StartViewController.swift; sourceTree = "<group>"; };
		8CD408C11CB1822E00F9132F /* TMDBManager.swift */ = {isa = PBXFileReference; fileEncoding = 4; lastKnownFileType = sourcecode.swift; path = TMDBManager.swift; sourceTree = "<group>"; };
		8CDAA4961CB60B26008E9665 /* Credit+CoreDataProperties.swift */ = {isa = PBXFileReference; fileEncoding = 4; lastKnownFileType = sourcecode.swift; path = "Credit+CoreDataProperties.swift"; sourceTree = "<group>"; };
		8CDAA4971CB60B26008E9665 /* Credit.swift */ = {isa = PBXFileReference; fileEncoding = 4; lastKnownFileType = sourcecode.swift; path = Credit.swift; sourceTree = "<group>"; };
		90EB5DD5D3DEA29B63CD4009 /* Pods_CinekoUITests.framework */ = {isa = PBXFileReference; explicitFileType = wrapper.framework; includeInIndex = 0; path = Pods_CinekoUITests.framework; sourceTree = BUILT_PRODUCTS_DIR; };
		9285EB472CD725C6F83ACA2D /* Pods-CinekoTests.debug.xcconfig */ = {isa = PBXFileReference; includeInIndex = 1; lastKnownFileType = text.xcconfig; name = "Pods-CinekoTests.debug.xcconfig"; path = "Pods/Target Support Files/Pods-CinekoTests/Pods-CinekoTests.debug.xcconfig"; sourceTree = "<group>"; };
		D4AF6C6BFC48C4C843F58195 /* Pods-Cineko.release.xcconfig */ = {isa = PBXFileReference; includeInIndex = 1; lastKnownFileType = text.xcconfig; name = "Pods-Cineko.release.xcconfig"; path = "Pods/Target Support Files/Pods-Cineko/Pods-Cineko.release.xcconfig"; sourceTree = "<group>"; };
		F5DD1BDE88AC31DFDEE89B78 /* Pods-CinekoUITests.release.xcconfig */ = {isa = PBXFileReference; includeInIndex = 1; lastKnownFileType = text.xcconfig; name = "Pods-CinekoUITests.release.xcconfig"; path = "Pods/Target Support Files/Pods-CinekoUITests/Pods-CinekoUITests.release.xcconfig"; sourceTree = "<group>"; };
/* End PBXFileReference section */

/* Begin PBXFrameworksBuildPhase section */
		8C13786D1CAE16B300FB6830 /* Frameworks */ = {
			isa = PBXFrameworksBuildPhase;
			buildActionMask = 2147483647;
			files = (
				8C1378BB1CAE812900FB6830 /* CoreData.framework in Frameworks */,
				D768F0933A6DD3BFB17AB637 /* Pods_Cineko.framework in Frameworks */,
			);
			runOnlyForDeploymentPostprocessing = 0;
		};
		8C1378811CAE16B800FB6830 /* Frameworks */ = {
			isa = PBXFrameworksBuildPhase;
			buildActionMask = 2147483647;
			files = (
				87A3085D191827D4F6CCB5E1 /* Pods_CinekoTests.framework in Frameworks */,
			);
			runOnlyForDeploymentPostprocessing = 0;
		};
		8C13788C1CAE16B800FB6830 /* Frameworks */ = {
			isa = PBXFrameworksBuildPhase;
			buildActionMask = 2147483647;
			files = (
				A6EFC38E7DA51EF7EB697EB8 /* Pods_CinekoUITests.framework in Frameworks */,
			);
			runOnlyForDeploymentPostprocessing = 0;
		};
/* End PBXFrameworksBuildPhase section */

/* Begin PBXGroup section */
		86415224B8C93A355BDBEB24 /* Frameworks */ = {
			isa = PBXGroup;
			children = (
				8C1378BA1CAE812900FB6830 /* CoreData.framework */,
				3E6361E0E48D7A9B4A4CB7CA /* Pods_Cineko.framework */,
				37ECB34B30BFE9A199455045 /* Pods_CinekoTests.framework */,
				90EB5DD5D3DEA29B63CD4009 /* Pods_CinekoUITests.framework */,
			);
			name = Frameworks;
			sourceTree = "<group>";
		};
		8C1378671CAE16B300FB6830 = {
			isa = PBXGroup;
			children = (
				8C1378721CAE16B600FB6830 /* Cineko */,
				8C1378871CAE16B800FB6830 /* CinekoTests */,
				8C1378921CAE16B800FB6830 /* CinekoUITests */,
				8C1378711CAE16B300FB6830 /* Products */,
				8C995691CA06EC597D6B49EE /* Pods */,
				86415224B8C93A355BDBEB24 /* Frameworks */,
			);
			sourceTree = "<group>";
		};
		8C1378711CAE16B300FB6830 /* Products */ = {
			isa = PBXGroup;
			children = (
				8C1378701CAE16B300FB6830 /* Cineko.app */,
				8C1378841CAE16B800FB6830 /* CinekoTests.xctest */,
				8C13788F1CAE16B800FB6830 /* CinekoUITests.xctest */,
			);
			name = Products;
			sourceTree = "<group>";
		};
		8C1378721CAE16B600FB6830 /* Cineko */ = {
			isa = PBXGroup;
			children = (
				8C1378731CAE16B600FB6830 /* AppDelegate.swift */,
				8C13787A1CAE16B700FB6830 /* Assets.xcassets */,
				8CBDC34C1CB2BA1200FA15F8 /* Cineko-Bridging-Header.h */,
				8CBDC34D1CB2BA1200FA15F8 /* CinekoTests-Bridging-Header.h */,
				8CBDC34E1CB2BA1300FA15F8 /* CinekoUITests-Bridging-Header.h */,
				8C1378BC1CAE819F00FB6830 /* Constants.swift */,
				8C1378A51CAE7BA700FB6830 /* Controller */,
				8C13787F1CAE16B700FB6830 /* Info.plist */,
				8C1378A31CAE7B9200FB6830 /* Model */,
				8C1378A61CAE7BAF00FB6830 /* Utilities */,
				8C1378A41CAE7BA200FB6830 /* View */,
			);
			path = Cineko;
			sourceTree = "<group>";
		};
		8C1378871CAE16B800FB6830 /* CinekoTests */ = {
			isa = PBXGroup;
			children = (
				8C1378881CAE16B800FB6830 /* CinekoTests.swift */,
				8C13788A1CAE16B800FB6830 /* Info.plist */,
				8C1378AC1CAE80A700FB6830 /* TMDBTests.swift */,
			);
			path = CinekoTests;
			sourceTree = "<group>";
		};
		8C1378921CAE16B800FB6830 /* CinekoUITests */ = {
			isa = PBXGroup;
			children = (
				8C1378931CAE16B800FB6830 /* CinekoUITests.swift */,
				8C1378951CAE16B900FB6830 /* Info.plist */,
			);
			path = CinekoUITests;
			sourceTree = "<group>";
		};
		8C1378A31CAE7B9200FB6830 /* Model */ = {
			isa = PBXGroup;
			children = (
				8C6789391CB5209200E4E14B /* Account.swift */,
				8C6789381CB5209200E4E14B /* Account+CoreDataProperties.swift */,
				8C1378A71CAE7BF300FB6830 /* Cineko.xcdatamodeld */,
				8C6789371CB5209200E4E14B /* Company.swift */,
				8C6789361CB5209200E4E14B /* Company+CoreDataProperties.swift */,
				8C6789351CB5209200E4E14B /* Country.swift */,
				8C6789341CB5209200E4E14B /* Country+CoreDataProperties.swift */,
				8CDAA4971CB60B26008E9665 /* Credit.swift */,
				8CDAA4961CB60B26008E9665 /* Credit+CoreDataProperties.swift */,
				8C67892F1CB5209200E4E14B /* Genre.swift */,
				8C67892E1CB5209200E4E14B /* Genre+CoreDataProperties.swift */,
				8C6789311CB5209200E4E14B /* Image.swift */,
				8C6789301CB5209200E4E14B /* Image+CoreDataProperties.swift */,
				8C67893F1CB5209200E4E14B /* Language.swift */,
				8C67893E1CB5209200E4E14B /* Language+CoreDataProperties.swift */,
				8C6789331CB5209200E4E14B /* Movie.swift */,
				8C6789321CB5209200E4E14B /* Movie+CoreDataProperties.swift */,
				8C4FDB981CB6132200E2997F /* Network.swift */,
				8C4FDB991CB6132200E2997F /* Network+CoreDataProperties.swift */,
				8C67892B1CB5209200E4E14B /* Person.swift */,
				8C67892A1CB5209200E4E14B /* Person+CoreDataProperties.swift */,
				8C67893B1CB5209200E4E14B /* TVEpisode.swift */,
				8C67893A1CB5209200E4E14B /* TVEpisode+CoreDataProperties.swift */,
				8C67893D1CB5209200E4E14B /* TVSeason.swift */,
				8C67893C1CB5209200E4E14B /* TVSeason+CoreDataProperties.swift */,
				8C67892D1CB5209200E4E14B /* TVShow.swift */,
				8C67892C1CB5209200E4E14B /* TVShow+CoreDataProperties.swift */,
			);
			name = Model;
			sourceTree = "<group>";
		};
		8C1378A41CAE7BA200FB6830 /* View */ = {
			isa = PBXGroup;
			children = (
				8C37CD791CBB4C900093196C /* ActionTableViewCell.swift */,
				8C37CD7A1CBB4C900093196C /* ActionTableViewCell.xib */,
				8C1F10671CBC81FA00001CA4 /* DynamicHeightTableViewCell.swift */,
				8C1F10681CBC81FA00001CA4 /* DynamicHeightTableViewCell.xib */,
				8C642D8B1CB36537008D18F1 /* FacebookStyleBar.h */,
				8C642D8C1CB36537008D18F1 /* FacebookStyleBar.m */,
				8C13787C1CAE16B700FB6830 /* LaunchScreen.storyboard */,
				8C1378771CAE16B700FB6830 /* Main.storyboard */,
				8C37CD811CBB65DC0093196C /* MediaInfoTableViewCell.swift */,
				8C37CD821CBB65DC0093196C /* MediaInfoTableViewCell.xib */,
				8C6789221CB4C24A00E4E14B /* ThumbnailCollectionViewCell.swift */,
				8C6789231CB4C24A00E4E14B /* ThumbnailCollectionViewCell.xib */,
				8C67891A1CB4BDEC00E4E14B /* ThumbnailTableViewCell.swift */,
				8C67891B1CB4BDEC00E4E14B /* ThumbnailTableViewCell.xib */,
			);
			name = View;
			sourceTree = "<group>";
		};
		8C1378A51CAE7BA700FB6830 /* Controller */ = {
			isa = PBXGroup;
			children = (
				8CB7494F1CAEC21900EABB91 /* AccountViewController.swift */,
				8CB7493F1CAEC1B600EABB91 /* FeaturedViewController.swift */,
				8C3C82331CB22032008CCF4C /* LoginViewController.swift */,
				8C7809521CB80A7800C1810C /* MovieDetailsViewController.swift */,
				8CB749431CAEC1CF00EABB91 /* MoviesViewController.swift */,
				8CD408BD1CB17AC200F9132F /* StartViewController.swift */,
				8CB749471CAEC1F000EABB91 /* TVShowsViewController.swift */,
			);
			name = Controller;
			sourceTree = "<group>";
		};
		8C1378A61CAE7BAF00FB6830 /* Utilities */ = {
			isa = PBXGroup;
			children = (
				8C1378AE1CAE80D000FB6830 /* CoreDataManager.swift */,
				8C1378AF1CAE80D000FB6830 /* GCDBlackBox.swift */,
				8C1378B01CAE80D000FB6830 /* NetworkManager.swift */,
				8CD408C11CB1822E00F9132F /* TMDBManager.swift */,
			);
			name = Utilities;
			sourceTree = "<group>";
		};
		8C995691CA06EC597D6B49EE /* Pods */ = {
			isa = PBXGroup;
			children = (
				5BF6298FD888C45CA3E9E79B /* Pods-Cineko.debug.xcconfig */,
				D4AF6C6BFC48C4C843F58195 /* Pods-Cineko.release.xcconfig */,
				9285EB472CD725C6F83ACA2D /* Pods-CinekoTests.debug.xcconfig */,
				2BBB6EC9900CC67C4275E520 /* Pods-CinekoTests.release.xcconfig */,
				6D27791043D9657918374E78 /* Pods-CinekoUITests.debug.xcconfig */,
				F5DD1BDE88AC31DFDEE89B78 /* Pods-CinekoUITests.release.xcconfig */,
			);
			name = Pods;
			sourceTree = "<group>";
		};
/* End PBXGroup section */

/* Begin PBXNativeTarget section */
		8C13786F1CAE16B300FB6830 /* Cineko */ = {
			isa = PBXNativeTarget;
			buildConfigurationList = 8C1378981CAE16B900FB6830 /* Build configuration list for PBXNativeTarget "Cineko" */;
			buildPhases = (
				DB6FD73C4BE0061C82FB9672 /* Check Pods Manifest.lock */,
				8C13786C1CAE16B300FB6830 /* Sources */,
				8C13786D1CAE16B300FB6830 /* Frameworks */,
				8C13786E1CAE16B300FB6830 /* Resources */,
				DD202BF4C7E40D3DBEAB4065 /* Embed Pods Frameworks */,
				28244AD12D744ACF5C48ACEB /* Copy Pods Resources */,
				8C642D8A1CB35B78008D18F1 /* Fabric Run Script */,
			);
			buildRules = (
			);
			dependencies = (
			);
			name = Cineko;
			productName = Cineko;
			productReference = 8C1378701CAE16B300FB6830 /* Cineko.app */;
			productType = "com.apple.product-type.application";
		};
		8C1378831CAE16B800FB6830 /* CinekoTests */ = {
			isa = PBXNativeTarget;
			buildConfigurationList = 8C13789B1CAE16B900FB6830 /* Build configuration list for PBXNativeTarget "CinekoTests" */;
			buildPhases = (
				8E4928C74B488273C73F8B43 /* Check Pods Manifest.lock */,
				8C1378801CAE16B800FB6830 /* Sources */,
				8C1378811CAE16B800FB6830 /* Frameworks */,
				8C1378821CAE16B800FB6830 /* Resources */,
				DB7E1281AE52CAAFBF29C490 /* Embed Pods Frameworks */,
				5E928D6AB53C97E710B0164D /* Copy Pods Resources */,
			);
			buildRules = (
			);
			dependencies = (
				8C1378861CAE16B800FB6830 /* PBXTargetDependency */,
			);
			name = CinekoTests;
			productName = CinekoTests;
			productReference = 8C1378841CAE16B800FB6830 /* CinekoTests.xctest */;
			productType = "com.apple.product-type.bundle.unit-test";
		};
		8C13788E1CAE16B800FB6830 /* CinekoUITests */ = {
			isa = PBXNativeTarget;
			buildConfigurationList = 8C13789E1CAE16B900FB6830 /* Build configuration list for PBXNativeTarget "CinekoUITests" */;
			buildPhases = (
				2FC41559F07D8F35AD56D3A9 /* Check Pods Manifest.lock */,
				8C13788B1CAE16B800FB6830 /* Sources */,
				8C13788C1CAE16B800FB6830 /* Frameworks */,
				8C13788D1CAE16B800FB6830 /* Resources */,
				6E1E002F4A0542EBFE057EFC /* Copy Pods Resources */,
			);
			buildRules = (
			);
			dependencies = (
				8C1378911CAE16B800FB6830 /* PBXTargetDependency */,
			);
			name = CinekoUITests;
			productName = CinekoUITests;
			productReference = 8C13788F1CAE16B800FB6830 /* CinekoUITests.xctest */;
			productType = "com.apple.product-type.bundle.ui-testing";
		};
/* End PBXNativeTarget section */

/* Begin PBXProject section */
		8C1378681CAE16B300FB6830 /* Project object */ = {
			isa = PBXProject;
			attributes = {
				LastSwiftUpdateCheck = 0730;
				LastUpgradeCheck = 0730;
				ORGANIZATIONNAME = "Jovito Royeca";
				TargetAttributes = {
					8C13786F1CAE16B300FB6830 = {
						CreatedOnToolsVersion = 7.3;
					};
					8C1378831CAE16B800FB6830 = {
						CreatedOnToolsVersion = 7.3;
						TestTargetID = 8C13786F1CAE16B300FB6830;
					};
					8C13788E1CAE16B800FB6830 = {
						CreatedOnToolsVersion = 7.3;
						TestTargetID = 8C13786F1CAE16B300FB6830;
					};
				};
			};
			buildConfigurationList = 8C13786B1CAE16B300FB6830 /* Build configuration list for PBXProject "Cineko" */;
			compatibilityVersion = "Xcode 3.2";
			developmentRegion = English;
			hasScannedForEncodings = 0;
			knownRegions = (
				en,
				Base,
			);
			mainGroup = 8C1378671CAE16B300FB6830;
			productRefGroup = 8C1378711CAE16B300FB6830 /* Products */;
			projectDirPath = "";
			projectRoot = "";
			targets = (
				8C13786F1CAE16B300FB6830 /* Cineko */,
				8C1378831CAE16B800FB6830 /* CinekoTests */,
				8C13788E1CAE16B800FB6830 /* CinekoUITests */,
			);
		};
/* End PBXProject section */

/* Begin PBXResourcesBuildPhase section */
		8C13786E1CAE16B300FB6830 /* Resources */ = {
			isa = PBXResourcesBuildPhase;
			buildActionMask = 2147483647;
			files = (
				8C1F106C1CBC81FA00001CA4 /* DynamicHeightTableViewCell.xib in Resources */,
				8C13787E1CAE16B700FB6830 /* LaunchScreen.storyboard in Resources */,
				8C37CD7E1CBB4C900093196C /* ActionTableViewCell.xib in Resources */,
				8C13787B1CAE16B700FB6830 /* Assets.xcassets in Resources */,
				8C6789271CB4C24A00E4E14B /* ThumbnailCollectionViewCell.xib in Resources */,
				8C37CD861CBB65DC0093196C /* MediaInfoTableViewCell.xib in Resources */,
				8C1378791CAE16B700FB6830 /* Main.storyboard in Resources */,
				8C67891F1CB4BDEC00E4E14B /* ThumbnailTableViewCell.xib in Resources */,
			);
			runOnlyForDeploymentPostprocessing = 0;
		};
		8C1378821CAE16B800FB6830 /* Resources */ = {
			isa = PBXResourcesBuildPhase;
			buildActionMask = 2147483647;
			files = (
				8C37CD871CBB65DC0093196C /* MediaInfoTableViewCell.xib in Resources */,
				8C6789201CB4BDEC00E4E14B /* ThumbnailTableViewCell.xib in Resources */,
				8C37CD7F1CBB4C900093196C /* ActionTableViewCell.xib in Resources */,
				8C1F106D1CBC81FA00001CA4 /* DynamicHeightTableViewCell.xib in Resources */,
				8C6789281CB4C24A00E4E14B /* ThumbnailCollectionViewCell.xib in Resources */,
			);
			runOnlyForDeploymentPostprocessing = 0;
		};
		8C13788D1CAE16B800FB6830 /* Resources */ = {
			isa = PBXResourcesBuildPhase;
			buildActionMask = 2147483647;
			files = (
				8C37CD881CBB65DC0093196C /* MediaInfoTableViewCell.xib in Resources */,
				8C6789211CB4BDEC00E4E14B /* ThumbnailTableViewCell.xib in Resources */,
				8C37CD801CBB4C900093196C /* ActionTableViewCell.xib in Resources */,
				8C1F106E1CBC81FA00001CA4 /* DynamicHeightTableViewCell.xib in Resources */,
				8C6789291CB4C24A00E4E14B /* ThumbnailCollectionViewCell.xib in Resources */,
			);
			runOnlyForDeploymentPostprocessing = 0;
		};
/* End PBXResourcesBuildPhase section */

/* Begin PBXShellScriptBuildPhase section */
		28244AD12D744ACF5C48ACEB /* Copy Pods Resources */ = {
			isa = PBXShellScriptBuildPhase;
			buildActionMask = 2147483647;
			files = (
			);
			inputPaths = (
			);
			name = "Copy Pods Resources";
			outputPaths = (
			);
			runOnlyForDeploymentPostprocessing = 0;
			shellPath = /bin/sh;
			shellScript = "\"${SRCROOT}/Pods/Target Support Files/Pods-Cineko/Pods-Cineko-resources.sh\"\n";
			showEnvVarsInLog = 0;
		};
		2FC41559F07D8F35AD56D3A9 /* Check Pods Manifest.lock */ = {
			isa = PBXShellScriptBuildPhase;
			buildActionMask = 2147483647;
			files = (
			);
			inputPaths = (
			);
			name = "Check Pods Manifest.lock";
			outputPaths = (
			);
			runOnlyForDeploymentPostprocessing = 0;
			shellPath = /bin/sh;
			shellScript = "diff \"${PODS_ROOT}/../Podfile.lock\" \"${PODS_ROOT}/Manifest.lock\" > /dev/null\nif [[ $? != 0 ]] ; then\n    cat << EOM\nerror: The sandbox is not in sync with the Podfile.lock. Run 'pod install' or update your CocoaPods installation.\nEOM\n    exit 1\nfi\n";
			showEnvVarsInLog = 0;
		};
		5E928D6AB53C97E710B0164D /* Copy Pods Resources */ = {
			isa = PBXShellScriptBuildPhase;
			buildActionMask = 2147483647;
			files = (
			);
			inputPaths = (
			);
			name = "Copy Pods Resources";
			outputPaths = (
			);
			runOnlyForDeploymentPostprocessing = 0;
			shellPath = /bin/sh;
			shellScript = "\"${SRCROOT}/Pods/Target Support Files/Pods-CinekoTests/Pods-CinekoTests-resources.sh\"\n";
			showEnvVarsInLog = 0;
		};
		6E1E002F4A0542EBFE057EFC /* Copy Pods Resources */ = {
			isa = PBXShellScriptBuildPhase;
			buildActionMask = 2147483647;
			files = (
			);
			inputPaths = (
			);
			name = "Copy Pods Resources";
			outputPaths = (
			);
			runOnlyForDeploymentPostprocessing = 0;
			shellPath = /bin/sh;
			shellScript = "\"${SRCROOT}/Pods/Target Support Files/Pods-CinekoUITests/Pods-CinekoUITests-resources.sh\"\n";
			showEnvVarsInLog = 0;
		};
		8C642D8A1CB35B78008D18F1 /* Fabric Run Script */ = {
			isa = PBXShellScriptBuildPhase;
			buildActionMask = 2147483647;
			files = (
			);
			inputPaths = (
			);
			name = "Fabric Run Script";
			outputPaths = (
			);
			runOnlyForDeploymentPostprocessing = 0;
			shellPath = /bin/sh;
			shellScript = "\"${PODS_ROOT}/Fabric/run\" 114b3dd82452ec2f4024140ec862698d331b8f3f e633393678a7e8c4f2e8be609515f7ad0ff6dd85c474c001fea74fde0273c2e4";
		};
		8E4928C74B488273C73F8B43 /* Check Pods Manifest.lock */ = {
			isa = PBXShellScriptBuildPhase;
			buildActionMask = 2147483647;
			files = (
			);
			inputPaths = (
			);
			name = "Check Pods Manifest.lock";
			outputPaths = (
			);
			runOnlyForDeploymentPostprocessing = 0;
			shellPath = /bin/sh;
			shellScript = "diff \"${PODS_ROOT}/../Podfile.lock\" \"${PODS_ROOT}/Manifest.lock\" > /dev/null\nif [[ $? != 0 ]] ; then\n    cat << EOM\nerror: The sandbox is not in sync with the Podfile.lock. Run 'pod install' or update your CocoaPods installation.\nEOM\n    exit 1\nfi\n";
			showEnvVarsInLog = 0;
		};
		DB6FD73C4BE0061C82FB9672 /* Check Pods Manifest.lock */ = {
			isa = PBXShellScriptBuildPhase;
			buildActionMask = 2147483647;
			files = (
			);
			inputPaths = (
			);
			name = "Check Pods Manifest.lock";
			outputPaths = (
			);
			runOnlyForDeploymentPostprocessing = 0;
			shellPath = /bin/sh;
			shellScript = "diff \"${PODS_ROOT}/../Podfile.lock\" \"${PODS_ROOT}/Manifest.lock\" > /dev/null\nif [[ $? != 0 ]] ; then\n    cat << EOM\nerror: The sandbox is not in sync with the Podfile.lock. Run 'pod install' or update your CocoaPods installation.\nEOM\n    exit 1\nfi\n";
			showEnvVarsInLog = 0;
		};
		DB7E1281AE52CAAFBF29C490 /* Embed Pods Frameworks */ = {
			isa = PBXShellScriptBuildPhase;
			buildActionMask = 2147483647;
			files = (
			);
			inputPaths = (
			);
			name = "Embed Pods Frameworks";
			outputPaths = (
			);
			runOnlyForDeploymentPostprocessing = 0;
			shellPath = /bin/sh;
			shellScript = "\"${SRCROOT}/Pods/Target Support Files/Pods-CinekoTests/Pods-CinekoTests-frameworks.sh\"\n";
			showEnvVarsInLog = 0;
		};
		DD202BF4C7E40D3DBEAB4065 /* Embed Pods Frameworks */ = {
			isa = PBXShellScriptBuildPhase;
			buildActionMask = 2147483647;
			files = (
			);
			inputPaths = (
			);
			name = "Embed Pods Frameworks";
			outputPaths = (
			);
			runOnlyForDeploymentPostprocessing = 0;
			shellPath = /bin/sh;
			shellScript = "\"${SRCROOT}/Pods/Target Support Files/Pods-Cineko/Pods-Cineko-frameworks.sh\"\n";
			showEnvVarsInLog = 0;
		};
/* End PBXShellScriptBuildPhase section */

/* Begin PBXSourcesBuildPhase section */
		8C13786C1CAE16B300FB6830 /* Sources */ = {
			isa = PBXSourcesBuildPhase;
			buildActionMask = 2147483647;
			files = (
				8C4FDB9B1CB6132200E2997F /* Network+CoreDataProperties.swift in Sources */,
				8C6789461CB5209200E4E14B /* TVShow+CoreDataProperties.swift in Sources */,
				8C1378B71CAE80D000FB6830 /* NetworkManager.swift in Sources */,
				8C67894F1CB5209200E4E14B /* Genre.swift in Sources */,
				8CB749481CAEC1F000EABB91 /* TVShowsViewController.swift in Sources */,
				8C6789671CB5209200E4E14B /* Company.swift in Sources */,
				8C3C82341CB22032008CCF4C /* LoginViewController.swift in Sources */,
				8C67896A1CB5209200E4E14B /* Account+CoreDataProperties.swift in Sources */,
				8C7809541CB80A7800C1810C /* MovieDetailsViewController.swift in Sources */,
				8C37CD7B1CBB4C900093196C /* ActionTableViewCell.swift in Sources */,
				8C6789641CB5209200E4E14B /* Company+CoreDataProperties.swift in Sources */,
				8C6789731CB5209200E4E14B /* TVEpisode.swift in Sources */,
				8C6789431CB5209200E4E14B /* Person.swift in Sources */,
				8C67897C1CB5209200E4E14B /* Language+CoreDataProperties.swift in Sources */,
				8C1378741CAE16B600FB6830 /* AppDelegate.swift in Sources */,
				8C1378B11CAE80D000FB6830 /* CoreDataManager.swift in Sources */,
				8CB749501CAEC21900EABB91 /* AccountViewController.swift in Sources */,
				8C67891C1CB4BDEC00E4E14B /* ThumbnailTableViewCell.swift in Sources */,
				8C67895B1CB5209200E4E14B /* Movie.swift in Sources */,
				8CDAA49E1CB60B26008E9665 /* Credit+CoreDataProperties.swift in Sources */,
				8C6789791CB5209200E4E14B /* TVSeason.swift in Sources */,
				8C6789241CB4C24A00E4E14B /* ThumbnailCollectionViewCell.swift in Sources */,
				8C1378BD1CAE819F00FB6830 /* Constants.swift in Sources */,
				8C6789761CB5209200E4E14B /* TVSeason+CoreDataProperties.swift in Sources */,
				8C6789401CB5209200E4E14B /* Person+CoreDataProperties.swift in Sources */,
				8C37CD831CBB65DC0093196C /* MediaInfoTableViewCell.swift in Sources */,
				8CB749401CAEC1B600EABB91 /* FeaturedViewController.swift in Sources */,
				8C6789521CB5209200E4E14B /* Image+CoreDataProperties.swift in Sources */,
				8C1378A91CAE7BF300FB6830 /* Cineko.xcdatamodeld in Sources */,
				8C4FDB9A1CB6132200E2997F /* Network.swift in Sources */,
				8C1378B41CAE80D000FB6830 /* GCDBlackBox.swift in Sources */,
				8CD408BE1CB17AC200F9132F /* StartViewController.swift in Sources */,
				8C67897F1CB5209200E4E14B /* Language.swift in Sources */,
				8C67896D1CB5209200E4E14B /* Account.swift in Sources */,
				8C6789491CB5209200E4E14B /* TVShow.swift in Sources */,
				8C6789701CB5209200E4E14B /* TVEpisode+CoreDataProperties.swift in Sources */,
				8CDAA4A11CB60B26008E9665 /* Credit.swift in Sources */,
				8C6789611CB5209200E4E14B /* Country.swift in Sources */,
				8C1F10691CBC81FA00001CA4 /* DynamicHeightTableViewCell.swift in Sources */,
				8C642D8D1CB36537008D18F1 /* FacebookStyleBar.m in Sources */,
				8C67894C1CB5209200E4E14B /* Genre+CoreDataProperties.swift in Sources */,
				8CB749441CAEC1CF00EABB91 /* MoviesViewController.swift in Sources */,
				8CD408C21CB1822E00F9132F /* TMDBManager.swift in Sources */,
				8C6789581CB5209200E4E14B /* Movie+CoreDataProperties.swift in Sources */,
				8C6789551CB5209200E4E14B /* Image.swift in Sources */,
				8C67895E1CB5209200E4E14B /* Country+CoreDataProperties.swift in Sources */,
			);
			runOnlyForDeploymentPostprocessing = 0;
		};
		8C1378801CAE16B800FB6830 /* Sources */ = {
			isa = PBXSourcesBuildPhase;
			buildActionMask = 2147483647;
			files = (
				8C1378B81CAE80D000FB6830 /* NetworkManager.swift in Sources */,
				8C6789531CB5209200E4E14B /* Image+CoreDataProperties.swift in Sources */,
				8C67897A1CB5209200E4E14B /* TVSeason.swift in Sources */,
				8CB749491CAEC1F000EABB91 /* TVShowsViewController.swift in Sources */,
				8C1378AD1CAE80A700FB6830 /* TMDBTests.swift in Sources */,
				8C3C82351CB22032008CCF4C /* LoginViewController.swift in Sources */,
				8C67894A1CB5209200E4E14B /* TVShow.swift in Sources */,
				8C67895F1CB5209200E4E14B /* Country+CoreDataProperties.swift in Sources */,
				8C6789441CB5209200E4E14B /* Person.swift in Sources */,
				8CDAA4A21CB60B26008E9665 /* Credit.swift in Sources */,
				8C67897D1CB5209200E4E14B /* Language+CoreDataProperties.swift in Sources */,
				8C6789471CB5209200E4E14B /* TVShow+CoreDataProperties.swift in Sources */,
				8C1378AA1CAE7BF300FB6830 /* Cineko.xcdatamodeld in Sources */,
				8C67896E1CB5209200E4E14B /* Account.swift in Sources */,
				8C6789411CB5209200E4E14B /* Person+CoreDataProperties.swift in Sources */,
				8C67896B1CB5209200E4E14B /* Account+CoreDataProperties.swift in Sources */,
				8C1378B21CAE80D000FB6830 /* CoreDataManager.swift in Sources */,
				8C6789771CB5209200E4E14B /* TVSeason+CoreDataProperties.swift in Sources */,
				8C67891D1CB4BDEC00E4E14B /* ThumbnailTableViewCell.swift in Sources */,
				8CB749511CAEC21900EABB91 /* AccountViewController.swift in Sources */,
				8C67895C1CB5209200E4E14B /* Movie.swift in Sources */,
				8C6789681CB5209200E4E14B /* Company.swift in Sources */,
				8C6789651CB5209200E4E14B /* Company+CoreDataProperties.swift in Sources */,
				8C1378BE1CAE819F00FB6830 /* Constants.swift in Sources */,
				8C6789711CB5209200E4E14B /* TVEpisode+CoreDataProperties.swift in Sources */,
				8CB749411CAEC1B600EABB91 /* FeaturedViewController.swift in Sources */,
				8C6789501CB5209200E4E14B /* Genre.swift in Sources */,
				8C6789801CB5209200E4E14B /* Language.swift in Sources */,
				8C6789251CB4C24A00E4E14B /* ThumbnailCollectionViewCell.swift in Sources */,
				8C37CD7C1CBB4C900093196C /* ActionTableViewCell.swift in Sources */,
				8C1378891CAE16B800FB6830 /* CinekoTests.swift in Sources */,
				8C6789561CB5209200E4E14B /* Image.swift in Sources */,
				8C1378B51CAE80D000FB6830 /* GCDBlackBox.swift in Sources */,
				8CD408BF1CB17AC200F9132F /* StartViewController.swift in Sources */,
				8CDAA49F1CB60B26008E9665 /* Credit+CoreDataProperties.swift in Sources */,
				8C1F106A1CBC81FA00001CA4 /* DynamicHeightTableViewCell.swift in Sources */,
				8C6789741CB5209200E4E14B /* TVEpisode.swift in Sources */,
				8C37CD841CBB65DC0093196C /* MediaInfoTableViewCell.swift in Sources */,
				8C6789591CB5209200E4E14B /* Movie+CoreDataProperties.swift in Sources */,
				8C6789621CB5209200E4E14B /* Country.swift in Sources */,
				8C642D8E1CB36537008D18F1 /* FacebookStyleBar.m in Sources */,
				8C7809551CB80A7800C1810C /* MovieDetailsViewController.swift in Sources */,
				8CB749451CAEC1CF00EABB91 /* MoviesViewController.swift in Sources */,
				8CD408C31CB1822E00F9132F /* TMDBManager.swift in Sources */,
				8C67894D1CB5209200E4E14B /* Genre+CoreDataProperties.swift in Sources */,
			);
			runOnlyForDeploymentPostprocessing = 0;
		};
		8C13788B1CAE16B800FB6830 /* Sources */ = {
			isa = PBXSourcesBuildPhase;
			buildActionMask = 2147483647;
			files = (
				8C6789481CB5209200E4E14B /* TVShow+CoreDataProperties.swift in Sources */,
				8C3C82361CB22032008CCF4C /* LoginViewController.swift in Sources */,
				8C6789511CB5209200E4E14B /* Genre.swift in Sources */,
				8CD408C01CB17AC200F9132F /* StartViewController.swift in Sources */,
				8C6789691CB5209200E4E14B /* Company.swift in Sources */,
				8C642D8F1CB36537008D18F1 /* FacebookStyleBar.m in Sources */,
				8C67896C1CB5209200E4E14B /* Account+CoreDataProperties.swift in Sources */,
				8CB7494A1CAEC1F000EABB91 /* TVShowsViewController.swift in Sources */,
				8C6789661CB5209200E4E14B /* Company+CoreDataProperties.swift in Sources */,
				8C6789751CB5209200E4E14B /* TVEpisode.swift in Sources */,
				8C6789451CB5209200E4E14B /* Person.swift in Sources */,
				8C67897E1CB5209200E4E14B /* Language+CoreDataProperties.swift in Sources */,
				8C1F106B1CBC81FA00001CA4 /* DynamicHeightTableViewCell.swift in Sources */,
				8CD408C41CB1822E00F9132F /* TMDBManager.swift in Sources */,
				8CB749521CAEC21900EABB91 /* AccountViewController.swift in Sources */,
				8C1378B61CAE80D000FB6830 /* GCDBlackBox.swift in Sources */,
				8C67891E1CB4BDEC00E4E14B /* ThumbnailTableViewCell.swift in Sources */,
				8C67895D1CB5209200E4E14B /* Movie.swift in Sources */,
				8C37CD851CBB65DC0093196C /* MediaInfoTableViewCell.swift in Sources */,
				8CDAA4A01CB60B26008E9665 /* Credit+CoreDataProperties.swift in Sources */,
				8C67897B1CB5209200E4E14B /* TVSeason.swift in Sources */,
				8C6789261CB4C24A00E4E14B /* ThumbnailCollectionViewCell.swift in Sources */,
				8C1378B31CAE80D000FB6830 /* CoreDataManager.swift in Sources */,
				8C6789781CB5209200E4E14B /* TVSeason+CoreDataProperties.swift in Sources */,
				8C6789421CB5209200E4E14B /* Person+CoreDataProperties.swift in Sources */,
				8CB749421CAEC1B600EABB91 /* FeaturedViewController.swift in Sources */,
				8C7809561CB80A7800C1810C /* MovieDetailsViewController.swift in Sources */,
				8C6789541CB5209200E4E14B /* Image+CoreDataProperties.swift in Sources */,
				8C1378B91CAE80D000FB6830 /* NetworkManager.swift in Sources */,
				8C1378AB1CAE7BF300FB6830 /* Cineko.xcdatamodeld in Sources */,
				8C6789811CB5209200E4E14B /* Language.swift in Sources */,
				8C37CD7D1CBB4C900093196C /* ActionTableViewCell.swift in Sources */,
				8C67896F1CB5209200E4E14B /* Account.swift in Sources */,
				8C67894B1CB5209200E4E14B /* TVShow.swift in Sources */,
				8C6789721CB5209200E4E14B /* TVEpisode+CoreDataProperties.swift in Sources */,
				8CDAA4A31CB60B26008E9665 /* Credit.swift in Sources */,
				8C6789631CB5209200E4E14B /* Country.swift in Sources */,
				8C1378941CAE16B800FB6830 /* CinekoUITests.swift in Sources */,
				8C67894E1CB5209200E4E14B /* Genre+CoreDataProperties.swift in Sources */,
				8C1378BF1CAE819F00FB6830 /* Constants.swift in Sources */,
				8CB749461CAEC1CF00EABB91 /* MoviesViewController.swift in Sources */,
				8C67895A1CB5209200E4E14B /* Movie+CoreDataProperties.swift in Sources */,
				8C6789571CB5209200E4E14B /* Image.swift in Sources */,
				8C6789601CB5209200E4E14B /* Country+CoreDataProperties.swift in Sources */,
			);
			runOnlyForDeploymentPostprocessing = 0;
		};
/* End PBXSourcesBuildPhase section */

/* Begin PBXTargetDependency section */
		8C1378861CAE16B800FB6830 /* PBXTargetDependency */ = {
			isa = PBXTargetDependency;
			target = 8C13786F1CAE16B300FB6830 /* Cineko */;
			targetProxy = 8C1378851CAE16B800FB6830 /* PBXContainerItemProxy */;
		};
		8C1378911CAE16B800FB6830 /* PBXTargetDependency */ = {
			isa = PBXTargetDependency;
			target = 8C13786F1CAE16B300FB6830 /* Cineko */;
			targetProxy = 8C1378901CAE16B800FB6830 /* PBXContainerItemProxy */;
		};
/* End PBXTargetDependency section */

/* Begin PBXVariantGroup section */
		8C1378771CAE16B700FB6830 /* Main.storyboard */ = {
			isa = PBXVariantGroup;
			children = (
				8C1378781CAE16B700FB6830 /* Base */,
			);
			name = Main.storyboard;
			sourceTree = "<group>";
		};
		8C13787C1CAE16B700FB6830 /* LaunchScreen.storyboard */ = {
			isa = PBXVariantGroup;
			children = (
				8C13787D1CAE16B700FB6830 /* Base */,
			);
			name = LaunchScreen.storyboard;
			sourceTree = "<group>";
		};
/* End PBXVariantGroup section */

/* Begin XCBuildConfiguration section */
		8C1378961CAE16B900FB6830 /* Debug */ = {
			isa = XCBuildConfiguration;
			buildSettings = {
				ALWAYS_SEARCH_USER_PATHS = NO;
				CLANG_ANALYZER_NONNULL = YES;
				CLANG_CXX_LANGUAGE_STANDARD = "gnu++0x";
				CLANG_CXX_LIBRARY = "libc++";
				CLANG_ENABLE_MODULES = YES;
				CLANG_ENABLE_OBJC_ARC = YES;
				CLANG_WARN_BOOL_CONVERSION = YES;
				CLANG_WARN_CONSTANT_CONVERSION = YES;
				CLANG_WARN_DIRECT_OBJC_ISA_USAGE = YES_ERROR;
				CLANG_WARN_EMPTY_BODY = YES;
				CLANG_WARN_ENUM_CONVERSION = YES;
				CLANG_WARN_INT_CONVERSION = YES;
				CLANG_WARN_OBJC_ROOT_CLASS = YES_ERROR;
				CLANG_WARN_UNREACHABLE_CODE = YES;
				CLANG_WARN__DUPLICATE_METHOD_MATCH = YES;
				"CODE_SIGN_IDENTITY[sdk=iphoneos*]" = "iPhone Developer";
				COPY_PHASE_STRIP = NO;
				DEBUG_INFORMATION_FORMAT = dwarf;
				ENABLE_STRICT_OBJC_MSGSEND = YES;
				ENABLE_TESTABILITY = YES;
				GCC_C_LANGUAGE_STANDARD = gnu99;
				GCC_DYNAMIC_NO_PIC = NO;
				GCC_NO_COMMON_BLOCKS = YES;
				GCC_OPTIMIZATION_LEVEL = 0;
				GCC_PREPROCESSOR_DEFINITIONS = (
					"DEBUG=1",
					"$(inherited)",
				);
				GCC_WARN_64_TO_32_BIT_CONVERSION = YES;
				GCC_WARN_ABOUT_RETURN_TYPE = YES_ERROR;
				GCC_WARN_UNDECLARED_SELECTOR = YES;
				GCC_WARN_UNINITIALIZED_AUTOS = YES_AGGRESSIVE;
				GCC_WARN_UNUSED_FUNCTION = YES;
				GCC_WARN_UNUSED_VARIABLE = YES;
				IPHONEOS_DEPLOYMENT_TARGET = 9.3;
				MTL_ENABLE_DEBUG_INFO = YES;
				ONLY_ACTIVE_ARCH = YES;
				SDKROOT = iphoneos;
				SWIFT_OPTIMIZATION_LEVEL = "-Onone";
			};
			name = Debug;
		};
		8C1378971CAE16B900FB6830 /* Release */ = {
			isa = XCBuildConfiguration;
			buildSettings = {
				ALWAYS_SEARCH_USER_PATHS = NO;
				CLANG_ANALYZER_NONNULL = YES;
				CLANG_CXX_LANGUAGE_STANDARD = "gnu++0x";
				CLANG_CXX_LIBRARY = "libc++";
				CLANG_ENABLE_MODULES = YES;
				CLANG_ENABLE_OBJC_ARC = YES;
				CLANG_WARN_BOOL_CONVERSION = YES;
				CLANG_WARN_CONSTANT_CONVERSION = YES;
				CLANG_WARN_DIRECT_OBJC_ISA_USAGE = YES_ERROR;
				CLANG_WARN_EMPTY_BODY = YES;
				CLANG_WARN_ENUM_CONVERSION = YES;
				CLANG_WARN_INT_CONVERSION = YES;
				CLANG_WARN_OBJC_ROOT_CLASS = YES_ERROR;
				CLANG_WARN_UNREACHABLE_CODE = YES;
				CLANG_WARN__DUPLICATE_METHOD_MATCH = YES;
				"CODE_SIGN_IDENTITY[sdk=iphoneos*]" = "iPhone Developer";
				COPY_PHASE_STRIP = NO;
				DEBUG_INFORMATION_FORMAT = "dwarf-with-dsym";
				ENABLE_NS_ASSERTIONS = NO;
				ENABLE_STRICT_OBJC_MSGSEND = YES;
				GCC_C_LANGUAGE_STANDARD = gnu99;
				GCC_NO_COMMON_BLOCKS = YES;
				GCC_WARN_64_TO_32_BIT_CONVERSION = YES;
				GCC_WARN_ABOUT_RETURN_TYPE = YES_ERROR;
				GCC_WARN_UNDECLARED_SELECTOR = YES;
				GCC_WARN_UNINITIALIZED_AUTOS = YES_AGGRESSIVE;
				GCC_WARN_UNUSED_FUNCTION = YES;
				GCC_WARN_UNUSED_VARIABLE = YES;
				IPHONEOS_DEPLOYMENT_TARGET = 9.3;
				MTL_ENABLE_DEBUG_INFO = NO;
				SDKROOT = iphoneos;
				VALIDATE_PRODUCT = YES;
			};
			name = Release;
		};
		8C1378991CAE16B900FB6830 /* Debug */ = {
			isa = XCBuildConfiguration;
			baseConfigurationReference = 5BF6298FD888C45CA3E9E79B /* Pods-Cineko.debug.xcconfig */;
			buildSettings = {
				ASSETCATALOG_COMPILER_APPICON_NAME = AppIcon;
				CLANG_ENABLE_MODULES = YES;
				DEBUG_INFORMATION_FORMAT = "dwarf-with-dsym";
				INFOPLIST_FILE = Cineko/Info.plist;
				LD_RUNPATH_SEARCH_PATHS = "$(inherited) @executable_path/Frameworks";
				PRODUCT_BUNDLE_IDENTIFIER = com.jovitoroyeca.Cineko;
				PRODUCT_NAME = "$(TARGET_NAME)";
				SWIFT_OBJC_BRIDGING_HEADER = "Cineko/Cineko-Bridging-Header.h";
				SWIFT_OPTIMIZATION_LEVEL = "-Onone";
			};
			name = Debug;
		};
		8C13789A1CAE16B900FB6830 /* Release */ = {
			isa = XCBuildConfiguration;
			baseConfigurationReference = D4AF6C6BFC48C4C843F58195 /* Pods-Cineko.release.xcconfig */;
			buildSettings = {
				ASSETCATALOG_COMPILER_APPICON_NAME = AppIcon;
				CLANG_ENABLE_MODULES = YES;
				INFOPLIST_FILE = Cineko/Info.plist;
				LD_RUNPATH_SEARCH_PATHS = "$(inherited) @executable_path/Frameworks";
				PRODUCT_BUNDLE_IDENTIFIER = com.jovitoroyeca.Cineko;
				PRODUCT_NAME = "$(TARGET_NAME)";
				SWIFT_OBJC_BRIDGING_HEADER = "Cineko/Cineko-Bridging-Header.h";
			};
			name = Release;
		};
		8C13789C1CAE16B900FB6830 /* Debug */ = {
			isa = XCBuildConfiguration;
			baseConfigurationReference = 9285EB472CD725C6F83ACA2D /* Pods-CinekoTests.debug.xcconfig */;
			buildSettings = {
				BUNDLE_LOADER = "$(TEST_HOST)";
				CLANG_ENABLE_MODULES = YES;
				INFOPLIST_FILE = CinekoTests/Info.plist;
				LD_RUNPATH_SEARCH_PATHS = "$(inherited) @executable_path/Frameworks @loader_path/Frameworks";
				PRODUCT_BUNDLE_IDENTIFIER = com.jovitoroyeca.CinekoTests;
				PRODUCT_NAME = "$(TARGET_NAME)";
				SWIFT_OBJC_BRIDGING_HEADER = "Cineko/CinekoTests-Bridging-Header.h";
				SWIFT_OPTIMIZATION_LEVEL = "-Onone";
				TEST_HOST = "$(BUILT_PRODUCTS_DIR)/Cineko.app/Cineko";
			};
			name = Debug;
		};
		8C13789D1CAE16B900FB6830 /* Release */ = {
			isa = XCBuildConfiguration;
			baseConfigurationReference = 2BBB6EC9900CC67C4275E520 /* Pods-CinekoTests.release.xcconfig */;
			buildSettings = {
				BUNDLE_LOADER = "$(TEST_HOST)";
				CLANG_ENABLE_MODULES = YES;
				INFOPLIST_FILE = CinekoTests/Info.plist;
				LD_RUNPATH_SEARCH_PATHS = "$(inherited) @executable_path/Frameworks @loader_path/Frameworks";
				PRODUCT_BUNDLE_IDENTIFIER = com.jovitoroyeca.CinekoTests;
				PRODUCT_NAME = "$(TARGET_NAME)";
				SWIFT_OBJC_BRIDGING_HEADER = "Cineko/CinekoTests-Bridging-Header.h";
				TEST_HOST = "$(BUILT_PRODUCTS_DIR)/Cineko.app/Cineko";
			};
			name = Release;
		};
		8C13789F1CAE16B900FB6830 /* Debug */ = {
			isa = XCBuildConfiguration;
			baseConfigurationReference = 6D27791043D9657918374E78 /* Pods-CinekoUITests.debug.xcconfig */;
			buildSettings = {
				CLANG_ENABLE_MODULES = YES;
				INFOPLIST_FILE = CinekoUITests/Info.plist;
				LD_RUNPATH_SEARCH_PATHS = "$(inherited) @executable_path/Frameworks @loader_path/Frameworks";
				PRODUCT_BUNDLE_IDENTIFIER = com.jovitoroyeca.CinekoUITests;
				PRODUCT_NAME = "$(TARGET_NAME)";
				SWIFT_OBJC_BRIDGING_HEADER = "Cineko/CinekoUITests-Bridging-Header.h";
				SWIFT_OPTIMIZATION_LEVEL = "-Onone";
				TEST_TARGET_NAME = Cineko;
			};
			name = Debug;
		};
		8C1378A01CAE16B900FB6830 /* Release */ = {
			isa = XCBuildConfiguration;
			baseConfigurationReference = F5DD1BDE88AC31DFDEE89B78 /* Pods-CinekoUITests.release.xcconfig */;
			buildSettings = {
				CLANG_ENABLE_MODULES = YES;
				INFOPLIST_FILE = CinekoUITests/Info.plist;
				LD_RUNPATH_SEARCH_PATHS = "$(inherited) @executable_path/Frameworks @loader_path/Frameworks";
				PRODUCT_BUNDLE_IDENTIFIER = com.jovitoroyeca.CinekoUITests;
				PRODUCT_NAME = "$(TARGET_NAME)";
				SWIFT_OBJC_BRIDGING_HEADER = "Cineko/CinekoUITests-Bridging-Header.h";
				TEST_TARGET_NAME = Cineko;
			};
			name = Release;
		};
/* End XCBuildConfiguration section */

/* Begin XCConfigurationList section */
		8C13786B1CAE16B300FB6830 /* Build configuration list for PBXProject "Cineko" */ = {
			isa = XCConfigurationList;
			buildConfigurations = (
				8C1378961CAE16B900FB6830 /* Debug */,
				8C1378971CAE16B900FB6830 /* Release */,
			);
			defaultConfigurationIsVisible = 0;
			defaultConfigurationName = Release;
		};
		8C1378981CAE16B900FB6830 /* Build configuration list for PBXNativeTarget "Cineko" */ = {
			isa = XCConfigurationList;
			buildConfigurations = (
				8C1378991CAE16B900FB6830 /* Debug */,
				8C13789A1CAE16B900FB6830 /* Release */,
			);
			defaultConfigurationIsVisible = 0;
			defaultConfigurationName = Release;
		};
		8C13789B1CAE16B900FB6830 /* Build configuration list for PBXNativeTarget "CinekoTests" */ = {
			isa = XCConfigurationList;
			buildConfigurations = (
				8C13789C1CAE16B900FB6830 /* Debug */,
				8C13789D1CAE16B900FB6830 /* Release */,
			);
			defaultConfigurationIsVisible = 0;
			defaultConfigurationName = Release;
		};
		8C13789E1CAE16B900FB6830 /* Build configuration list for PBXNativeTarget "CinekoUITests" */ = {
			isa = XCConfigurationList;
			buildConfigurations = (
				8C13789F1CAE16B900FB6830 /* Debug */,
				8C1378A01CAE16B900FB6830 /* Release */,
			);
			defaultConfigurationIsVisible = 0;
			defaultConfigurationName = Release;
		};
/* End XCConfigurationList section */

/* Begin XCVersionGroup section */
		8C1378A71CAE7BF300FB6830 /* Cineko.xcdatamodeld */ = {
			isa = XCVersionGroup;
			children = (
				8C1378A81CAE7BF300FB6830 /* Cineko.xcdatamodel */,
			);
			currentVersion = 8C1378A81CAE7BF300FB6830 /* Cineko.xcdatamodel */;
			path = Cineko.xcdatamodeld;
			sourceTree = "<group>";
			versionGroupType = wrapper.xcdatamodel;
		};
/* End XCVersionGroup section */
	};
	rootObject = 8C1378681CAE16B300FB6830 /* Project object */;
}
