PODS:
  - Crashlytics (3.7.0):
    - Fabric (~> 1.6.3)
  - DACircularProgress (2.3.1)
  - Eureka (1.5.0)
  - Fabric (1.6.7)
  - IDMPhotoBrowser (1.8.4):
    - DACircularProgress
    - pop
    - SDWebImage
  - JJJUtils (0.3.1):
    - JJJUtils/OSX (= 0.3.1)
  - KeychainAccess (2.3.5)
  - MBProgressHUD (0.9.2)
  - MMDrawerController (0.6.0):
    - MMDrawerController/Core (= 0.6.0)
    - MMDrawerController/MMDrawerBarButtonItem (= 0.6.0)
    - MMDrawerController/MMDrawerVisualStates (= 0.6.0)
    - MMDrawerController/Subclass (= 0.6.0)
  - MMDrawerController+Storyboard (0.0.2):
    - MMDrawerController
  - MMDrawerController/Core (0.6.0)
  - MMDrawerController/MMDrawerBarButtonItem (0.6.0):
    - MMDrawerController/Core
  - MMDrawerController/MMDrawerVisualStates (0.6.0):
    - MMDrawerController/Core
  - MMDrawerController/Subclass (0.6.0):
    - MMDrawerController/Core
  - pop (1.0.9)
  - SDWebImage (3.7.6):
    - SDWebImage/Core (= 3.7.6)
  - SDWebImage/Core (3.7.6)
  - TwitterCore (2.1.1):
    - Fabric
  - TwitterKit (2.1.1):
    - TwitterCore (= 2.1.1)

DEPENDENCIES:
  - Crashlytics
  - Eureka
  - Fabric
  - IDMPhotoBrowser
  - JJJUtils
  - KeychainAccess
  - MBProgressHUD
  - MMDrawerController
  - MMDrawerController+Storyboard
  - SDWebImage
  - TwitterCore
  - TwitterKit

SPEC CHECKSUMS:
  Crashlytics: c3a2333dea9e2733d2777f730910321fc9e25c0d
  DACircularProgress: 4dd437c0fc3da5161cb289e07ac449493d41db71
  Eureka: 2fb37bb50569c62ee3284689d5b7aca694b040e0
  Fabric: caf7580c725e64db144f610ac65cd60956911dc7
  IDMPhotoBrowser: b574fe3229754e701f32df271afbc4ac7e4e1997
  JJJUtils: 3aa24c8612a0f8fce38bbddb49d33ef2179cc475
  KeychainAccess: e283c1981a6c5655e1984cd411c6faf16fa165ae
  MBProgressHUD: 1569cf7ace17a8bac47aabfbb8580a49690386d1
  MMDrawerController: e3a54a5570388463ad3b36975251575b50c4e1a0
  MMDrawerController+Storyboard: c98f86c0f32cdef1d466d19a7da3ad2fc6c6ac00
  pop: f667631a5108a2e60d9e8797c9b32ddaf2080bce
  SDWebImage: c325cf02c30337336b95beff20a13df489ec0ec9
  TwitterCore: abc46da2bc4b76e2c68a74cd8671a071a8e3abbf
  TwitterKit: 38232c31f622db1f26a5952436eaa88d10763fd0

COCOAPODS: 0.39.0
