PODS:
  - Crashlytics (3.7.0):
    - Fabric (~> 1.6.3)
  - DACircularProgress (2.3.1)
  - Fabric (1.6.7)
  - IDMPhotoBrowser (1.8.4):
    - DACircularProgress
    - pop
    - SDWebImage
  - JJJUtils (0.3.1):
    - JJJUtils/OSX (= 0.3.1)
  - KeychainAccess (2.3.5)
  - MBProgressHUD (0.9.2)
  - pop (1.0.9)
  - SDWebImage (3.7.5):
    - SDWebImage/Core (= 3.7.5)
  - SDWebImage/Core (3.7.5)

DEPENDENCIES:
  - Crashlytics
  - Fabric
  - IDMPhotoBrowser
  - JJJUtils
  - KeychainAccess
  - MBProgressHUD
  - SDWebImage

SPEC CHECKSUMS:
  Crashlytics: c3a2333dea9e2733d2777f730910321fc9e25c0d
  DACircularProgress: 4dd437c0fc3da5161cb289e07ac449493d41db71
  Fabric: caf7580c725e64db144f610ac65cd60956911dc7
  IDMPhotoBrowser: b574fe3229754e701f32df271afbc4ac7e4e1997
  JJJUtils: 3aa24c8612a0f8fce38bbddb49d33ef2179cc475
  KeychainAccess: e283c1981a6c5655e1984cd411c6faf16fa165ae
  MBProgressHUD: 1569cf7ace17a8bac47aabfbb8580a49690386d1
  pop: f667631a5108a2e60d9e8797c9b32ddaf2080bce
  SDWebImage: 69c6303e3348fba97e03f65d65d4fbc26740f461

COCOAPODS: 0.39.0
